
Microsoft Visual Studio Solution File, Format Version 12.00
# Visual Studio Version 17
VisualStudioVersion = 17.3.32929.385
MinimumVisualStudioVersion = 10.0.40219.1
Project("{2150E333-8FDC-42A3-9474-1A3956D46DE8}") = "ITMO.CourceCsharp.Lab1", "ITMO.CourceCsharp.Lab1", "{6ECC5716-02AD-44B1-8C4F-C1F86B50B197}"
EndProject
Project("{2150E333-8FDC-42A3-9474-1A3956D46DE8}") = "ITMO.CourceCsharp.Lab2", "ITMO.CourceCsharp.Lab2", "{3ED5916E-2ADC-4B65-A095-3FDEF129D104}"
EndProject
Project("{2150E333-8FDC-42A3-9474-1A3956D46DE8}") = "ITMO.CourceCsharp.Lab3", "ITMO.CourceCsharp.Lab3", "{6D07705A-E9F0-487E-B056-A6988947B1CB}"
EndProject
Project("{FAE04EC0-301F-11D3-BF4B-00C04F79EFBC}") = "ITMO.CourceCsharp.Lab1.Exercise1", "ITMO.CourceCsharp.Lab1\ITMO.CourceCsharp.Lab1.Exercise1\ITMO.CourceCsharp.Lab1.Exercise1.csproj", "{3498B8B4-4045-48B3-9F6E-D5291B45A44A}"
EndProject
Project("{FAE04EC0-301F-11D3-BF4B-00C04F79EFBC}") = "ITMO.CourceCsharp.Lab1.Exercise3", "ITMO.CourceCsharp.Lab1\ITMO.CourceCsharp.Lab1.Exercise3\ITMO.CourceCsharp.Lab1.Exercise3.csproj", "{81C83CF6-689B-42CB-BB86-8D602E589EDC}"
EndProject
Project("{FAE04EC0-301F-11D3-BF4B-00C04F79EFBC}") = "ITMO.CourceCsharp.Lab2.Exercise1", "ITMO.CourceCsharp.Lab2\ITMO.CourceCsharp.Lab2.Exercise1\ITMO.CourceCsharp.Lab2.Exercise1.csproj", "{520995CC-7B8D-4FE5-9ED8-817565EA6BEB}"
EndProject
Project("{FAE04EC0-301F-11D3-BF4B-00C04F79EFBC}") = "ITMO.CourceCsharp.Lab2.Exercise2", "ITMO.CourceCsharp.Lab2\ITMO.CourceCsharp.Lab2.Exercise2\ITMO.CourceCsharp.Lab2.Exercise2.csproj", "{5F471A08-AC9A-496C-AB54-CBB91303F587}"
EndProject
Project("{FAE04EC0-301F-11D3-BF4B-00C04F79EFBC}") = "ITMO.CourceCsharp.Lab2.Exercise3", "ITMO.CourceCsharp.Lab2\ITMO.CourceCsharp.Lab2.Exercise3\ITMO.CourceCsharp.Lab2.Exercise3.csproj", "{FF501693-2FC5-4144-A262-2B775046E11D}"
EndProject
Project("{FAE04EC0-301F-11D3-BF4B-00C04F79EFBC}") = "ITMO.CourceCsharp.Lab3.Exercise1", "ITMO.CourceCsharp.Lab3\ITMO.CourceCsharp.Lab3.Exercise1\ITMO.CourceCsharp.Lab3.Exercise1.csproj", "{4C45763E-1C9F-4F41-B42D-F5CC0C0F4F86}"
EndProject
Project("{FAE04EC0-301F-11D3-BF4B-00C04F79EFBC}") = "ITMO.CourceCsharp.Lab3.Exercise2", "ITMO.CourceCsharp.Lab3\ITMO.CourceCsharp.Lab3.Exercise2\ITMO.CourceCsharp.Lab3.Exercise2.csproj", "{AD41B595-9A9D-44C2-B7BE-BF5BDDFA48DB}"
EndProject
Project("{2150E333-8FDC-42A3-9474-1A3956D46DE8}") = "ITMO.CourceCsharp.Lab4", "ITMO.CourceCsharp.Lab4", "{DB0F7282-5F73-4C99-853D-B7C0C7F2A352}"
EndProject
Project("{FAE04EC0-301F-11D3-BF4B-00C04F79EFBC}") = "ITMO.CourceCsharp.Lab4.Exercise1", "ITMO.CourceCsharp.Lab4\ITMO.CourceCsharp.Lab4.Exercise1\ITMO.CourceCsharp.Lab4.Exercise1.csproj", "{4F7F871E-B446-498E-A2FD-60FC0E513E97}"
EndProject
Project("{FAE04EC0-301F-11D3-BF4B-00C04F79EFBC}") = "ITMO.CourceCsharp.Lab4.Exercise3", "ITMO.CourceCsharp.Lab4\ITMO.CourceCsharp.Lab4.Exercise3\ITMO.CourceCsharp.Lab4.Exercise3.csproj", "{DBCD996E-2B1E-48E1-AC87-C36763D36F29}"
EndProject
Project("{FAE04EC0-301F-11D3-BF4B-00C04F79EFBC}") = "ITMO.CourceCsharp.Lab4.Exercise2", "ITMO.CourceCsharp.Lab4\ITMO.CourceCsharp.Lab4.Exercise2\ITMO.CourceCsharp.Lab4.Exercise2.csproj", "{42CAE984-5CB9-4B47-9086-22545C5553E4}"
EndProject
Project("{2150E333-8FDC-42A3-9474-1A3956D46DE8}") = "ITMO.CourceCsharp.Lab5", "ITMO.CourceCsharp.Lab5", "{C936BED1-C939-452E-9E5D-2C5D832262E9}"
EndProject
Project("{FAE04EC0-301F-11D3-BF4B-00C04F79EFBC}") = "ITMO.CourceCsharp.Lab5.Exercise1", "ITMO.CourceCsharp.Lab5\ITMO.CourceCsharp.Lab5.Exercise1\ITMO.CourceCsharp.Lab5.Exercise1.csproj", "{5B60A309-2B9A-46AC-9532-7567FCE689C9}"
EndProject
Project("{FAE04EC0-301F-11D3-BF4B-00C04F79EFBC}") = "ITMO.CourceCsharp.Lab5.Exercise2", "ITMO.CourceCsharp.Lab5\ITMO.CourceCsharp.Lab5.Exercise2\ITMO.CourceCsharp.Lab5.Exercise2.csproj", "{68CB67E9-8855-4A0B-9C3B-DD7CCDD7CB27}"
EndProject
Project("{2150E333-8FDC-42A3-9474-1A3956D46DE8}") = "ITMO.CourceCsharp.Lab6", "ITMO.CourceCsharp.Lab6", "{686B6230-F537-4027-BB99-02D99D7D73EE}"
EndProject
Project("{FAE04EC0-301F-11D3-BF4B-00C04F79EFBC}") = "ITMO.CourceCsharp.Lab6.Exercise1", "ITMO.CourceCsharp.Lab6\ITMO.CourceCsharp.Lab6.Exercise1\ITMO.CourceCsharp.Lab6.Exercise1.csproj", "{CB93F560-A454-4FAE-B51E-E9E1EFB5182D}"
EndProject
Project("{FAE04EC0-301F-11D3-BF4B-00C04F79EFBC}") = "ITMO.CourceCsharp.Lab6.Exercise2", "ITMO.CourceCsharp.Lab6\ITMO.CourceCsharp.Lab6.Exercise2\ITMO.CourceCsharp.Lab6.Exercise2.csproj", "{4C0DA1C8-7BFC-4A79-9FAB-702C8520F3FA}"
EndProject
Project("{FAE04EC0-301F-11D3-BF4B-00C04F79EFBC}") = "ITMO.CourceCsharp.Lab6.Exercise3", "ITMO.CourceCsharp.Lab6\ITMO.CourceCsharp.Lab6.Exercise3\ITMO.CourceCsharp.Lab6.Exercise3.csproj", "{36987A58-298B-4833-A9D9-5244AAE3DDC1}"
EndProject
Project("{2150E333-8FDC-42A3-9474-1A3956D46DE8}") = "ITMO.CourceCsharp.Lab7", "ITMO.CourceCsharp.Lab7", "{00ACB3EB-05DC-4E7A-B189-4A14A6D82C31}"
EndProject
Project("{FAE04EC0-301F-11D3-BF4B-00C04F79EFBC}") = "ITMO.CourceCsharp.Lab7.Exercise1", "ITMO.CourceCsharp.Lab7\ITMO.CourceCsharp.Lab7.Exercise1\ITMO.CourceCsharp.Lab7.Exercise1.csproj", "{EBD25A66-5C40-4EF5-877D-485264EA268F}"
EndProject
Project("{FAE04EC0-301F-11D3-BF4B-00C04F79EFBC}") = "ITMO.CourceCsharp.Lab7.Exercise2", "ITMO.CourceCsharp.Lab7\ITMO.CourceCsharp.Lab7.Exercise2\ITMO.CourceCsharp.Lab7.Exercise2.csproj", "{8E662510-A69A-4C97-B63A-57C775C8D6CD}"
EndProject
Project("{2150E333-8FDC-42A3-9474-1A3956D46DE8}") = "ITMO.CourceCsharp.Lab8", "ITMO.CourceCsharp.Lab8", "{ADFCCBA0-F3EE-4D23-BDDA-23821D1F3593}"
EndProject
Project("{FAE04EC0-301F-11D3-BF4B-00C04F79EFBC}") = "ITMO.CourceCsharp.Lab8.Exercise1", "ITMO.CourceCsharp.Lab8\ITMO.CourceCsharp.Lab8.Exercise1\ITMO.CourceCsharp.Lab8.Exercise1.csproj", "{305F5196-6B07-4A88-8952-F5FB2446F2E7}"
EndProject
Project("{FAE04EC0-301F-11D3-BF4B-00C04F79EFBC}") = "ITMO.CourceCsharp.Lab8.Exercise2", "ITMO.CourceCsharp.Lab8\ITMO.CourceCsharp.Lab8.Exercise2\ITMO.CourceCsharp.Lab8.Exercise2.csproj", "{00AC4725-BCB1-4E8E-BDEA-F1D2E52B3390}"
EndProject
Global
	GlobalSection(SolutionConfigurationPlatforms) = preSolution
		Debug|Any CPU = Debug|Any CPU
		Release|Any CPU = Release|Any CPU
	EndGlobalSection
	GlobalSection(ProjectConfigurationPlatforms) = postSolution
		{3498B8B4-4045-48B3-9F6E-D5291B45A44A}.Debug|Any CPU.ActiveCfg = Debug|Any CPU
		{3498B8B4-4045-48B3-9F6E-D5291B45A44A}.Debug|Any CPU.Build.0 = Debug|Any CPU
		{3498B8B4-4045-48B3-9F6E-D5291B45A44A}.Release|Any CPU.ActiveCfg = Release|Any CPU
		{3498B8B4-4045-48B3-9F6E-D5291B45A44A}.Release|Any CPU.Build.0 = Release|Any CPU
		{81C83CF6-689B-42CB-BB86-8D602E589EDC}.Debug|Any CPU.ActiveCfg = Debug|Any CPU
		{81C83CF6-689B-42CB-BB86-8D602E589EDC}.Debug|Any CPU.Build.0 = Debug|Any CPU
		{81C83CF6-689B-42CB-BB86-8D602E589EDC}.Release|Any CPU.ActiveCfg = Release|Any CPU
		{81C83CF6-689B-42CB-BB86-8D602E589EDC}.Release|Any CPU.Build.0 = Release|Any CPU
		{520995CC-7B8D-4FE5-9ED8-817565EA6BEB}.Debug|Any CPU.ActiveCfg = Debug|Any CPU
		{520995CC-7B8D-4FE5-9ED8-817565EA6BEB}.Debug|Any CPU.Build.0 = Debug|Any CPU
		{520995CC-7B8D-4FE5-9ED8-817565EA6BEB}.Release|Any CPU.ActiveCfg = Release|Any CPU
		{520995CC-7B8D-4FE5-9ED8-817565EA6BEB}.Release|Any CPU.Build.0 = Release|Any CPU
		{5F471A08-AC9A-496C-AB54-CBB91303F587}.Debug|Any CPU.ActiveCfg = Debug|Any CPU
		{5F471A08-AC9A-496C-AB54-CBB91303F587}.Debug|Any CPU.Build.0 = Debug|Any CPU
		{5F471A08-AC9A-496C-AB54-CBB91303F587}.Release|Any CPU.ActiveCfg = Release|Any CPU
		{5F471A08-AC9A-496C-AB54-CBB91303F587}.Release|Any CPU.Build.0 = Release|Any CPU
		{FF501693-2FC5-4144-A262-2B775046E11D}.Debug|Any CPU.ActiveCfg = Debug|Any CPU
		{FF501693-2FC5-4144-A262-2B775046E11D}.Debug|Any CPU.Build.0 = Debug|Any CPU
		{FF501693-2FC5-4144-A262-2B775046E11D}.Release|Any CPU.ActiveCfg = Release|Any CPU
		{FF501693-2FC5-4144-A262-2B775046E11D}.Release|Any CPU.Build.0 = Release|Any CPU
		{4C45763E-1C9F-4F41-B42D-F5CC0C0F4F86}.Debug|Any CPU.ActiveCfg = Debug|Any CPU
		{4C45763E-1C9F-4F41-B42D-F5CC0C0F4F86}.Debug|Any CPU.Build.0 = Debug|Any CPU
		{4C45763E-1C9F-4F41-B42D-F5CC0C0F4F86}.Release|Any CPU.ActiveCfg = Release|Any CPU
		{4C45763E-1C9F-4F41-B42D-F5CC0C0F4F86}.Release|Any CPU.Build.0 = Release|Any CPU
		{AD41B595-9A9D-44C2-B7BE-BF5BDDFA48DB}.Debug|Any CPU.ActiveCfg = Debug|Any CPU
		{AD41B595-9A9D-44C2-B7BE-BF5BDDFA48DB}.Debug|Any CPU.Build.0 = Debug|Any CPU
		{AD41B595-9A9D-44C2-B7BE-BF5BDDFA48DB}.Release|Any CPU.ActiveCfg = Release|Any CPU
		{AD41B595-9A9D-44C2-B7BE-BF5BDDFA48DB}.Release|Any CPU.Build.0 = Release|Any CPU
		{4F7F871E-B446-498E-A2FD-60FC0E513E97}.Debug|Any CPU.ActiveCfg = Debug|Any CPU
		{4F7F871E-B446-498E-A2FD-60FC0E513E97}.Debug|Any CPU.Build.0 = Debug|Any CPU
		{4F7F871E-B446-498E-A2FD-60FC0E513E97}.Release|Any CPU.ActiveCfg = Release|Any CPU
		{4F7F871E-B446-498E-A2FD-60FC0E513E97}.Release|Any CPU.Build.0 = Release|Any CPU
		{DBCD996E-2B1E-48E1-AC87-C36763D36F29}.Debug|Any CPU.ActiveCfg = Debug|Any CPU
		{DBCD996E-2B1E-48E1-AC87-C36763D36F29}.Debug|Any CPU.Build.0 = Debug|Any CPU
		{DBCD996E-2B1E-48E1-AC87-C36763D36F29}.Release|Any CPU.ActiveCfg = Release|Any CPU
		{DBCD996E-2B1E-48E1-AC87-C36763D36F29}.Release|Any CPU.Build.0 = Release|Any CPU
		{42CAE984-5CB9-4B47-9086-22545C5553E4}.Debug|Any CPU.ActiveCfg = Debug|Any CPU
		{42CAE984-5CB9-4B47-9086-22545C5553E4}.Debug|Any CPU.Build.0 = Debug|Any CPU
		{42CAE984-5CB9-4B47-9086-22545C5553E4}.Release|Any CPU.ActiveCfg = Release|Any CPU
		{42CAE984-5CB9-4B47-9086-22545C5553E4}.Release|Any CPU.Build.0 = Release|Any CPU
		{5B60A309-2B9A-46AC-9532-7567FCE689C9}.Debug|Any CPU.ActiveCfg = Debug|Any CPU
		{5B60A309-2B9A-46AC-9532-7567FCE689C9}.Debug|Any CPU.Build.0 = Debug|Any CPU
		{5B60A309-2B9A-46AC-9532-7567FCE689C9}.Release|Any CPU.ActiveCfg = Release|Any CPU
		{5B60A309-2B9A-46AC-9532-7567FCE689C9}.Release|Any CPU.Build.0 = Release|Any CPU
		{68CB67E9-8855-4A0B-9C3B-DD7CCDD7CB27}.Debug|Any CPU.ActiveCfg = Debug|Any CPU
		{68CB67E9-8855-4A0B-9C3B-DD7CCDD7CB27}.Debug|Any CPU.Build.0 = Debug|Any CPU
		{68CB67E9-8855-4A0B-9C3B-DD7CCDD7CB27}.Release|Any CPU.ActiveCfg = Release|Any CPU
		{68CB67E9-8855-4A0B-9C3B-DD7CCDD7CB27}.Release|Any CPU.Build.0 = Release|Any CPU
		{CB93F560-A454-4FAE-B51E-E9E1EFB5182D}.Debug|Any CPU.ActiveCfg = Debug|Any CPU
		{CB93F560-A454-4FAE-B51E-E9E1EFB5182D}.Debug|Any CPU.Build.0 = Debug|Any CPU
		{CB93F560-A454-4FAE-B51E-E9E1EFB5182D}.Release|Any CPU.ActiveCfg = Release|Any CPU
		{CB93F560-A454-4FAE-B51E-E9E1EFB5182D}.Release|Any CPU.Build.0 = Release|Any CPU
		{4C0DA1C8-7BFC-4A79-9FAB-702C8520F3FA}.Debug|Any CPU.ActiveCfg = Debug|Any CPU
		{4C0DA1C8-7BFC-4A79-9FAB-702C8520F3FA}.Debug|Any CPU.Build.0 = Debug|Any CPU
		{4C0DA1C8-7BFC-4A79-9FAB-702C8520F3FA}.Release|Any CPU.ActiveCfg = Release|Any CPU
		{4C0DA1C8-7BFC-4A79-9FAB-702C8520F3FA}.Release|Any CPU.Build.0 = Release|Any CPU
		{36987A58-298B-4833-A9D9-5244AAE3DDC1}.Debug|Any CPU.ActiveCfg = Debug|Any CPU
		{36987A58-298B-4833-A9D9-5244AAE3DDC1}.Debug|Any CPU.Build.0 = Debug|Any CPU
		{36987A58-298B-4833-A9D9-5244AAE3DDC1}.Release|Any CPU.ActiveCfg = Release|Any CPU
		{36987A58-298B-4833-A9D9-5244AAE3DDC1}.Release|Any CPU.Build.0 = Release|Any CPU
		{EBD25A66-5C40-4EF5-877D-485264EA268F}.Debug|Any CPU.ActiveCfg = Debug|Any CPU
		{EBD25A66-5C40-4EF5-877D-485264EA268F}.Debug|Any CPU.Build.0 = Debug|Any CPU
		{EBD25A66-5C40-4EF5-877D-485264EA268F}.Release|Any CPU.ActiveCfg = Release|Any CPU
		{EBD25A66-5C40-4EF5-877D-485264EA268F}.Release|Any CPU.Build.0 = Release|Any CPU
		{8E662510-A69A-4C97-B63A-57C775C8D6CD}.Debug|Any CPU.ActiveCfg = Debug|Any CPU
		{8E662510-A69A-4C97-B63A-57C775C8D6CD}.Debug|Any CPU.Build.0 = Debug|Any CPU
		{8E662510-A69A-4C97-B63A-57C775C8D6CD}.Release|Any CPU.ActiveCfg = Release|Any CPU
		{8E662510-A69A-4C97-B63A-57C775C8D6CD}.Release|Any CPU.Build.0 = Release|Any CPU
		{305F5196-6B07-4A88-8952-F5FB2446F2E7}.Debug|Any CPU.ActiveCfg = Debug|Any CPU
		{305F5196-6B07-4A88-8952-F5FB2446F2E7}.Debug|Any CPU.Build.0 = Debug|Any CPU
		{305F5196-6B07-4A88-8952-F5FB2446F2E7}.Release|Any CPU.ActiveCfg = Release|Any CPU
		{305F5196-6B07-4A88-8952-F5FB2446F2E7}.Release|Any CPU.Build.0 = Release|Any CPU
		{00AC4725-BCB1-4E8E-BDEA-F1D2E52B3390}.Debug|Any CPU.ActiveCfg = Debug|Any CPU
		{00AC4725-BCB1-4E8E-BDEA-F1D2E52B3390}.Debug|Any CPU.Build.0 = Debug|Any CPU
		{00AC4725-BCB1-4E8E-BDEA-F1D2E52B3390}.Release|Any CPU.ActiveCfg = Release|Any CPU
		{00AC4725-BCB1-4E8E-BDEA-F1D2E52B3390}.Release|Any CPU.Build.0 = Release|Any CPU
	EndGlobalSection
	GlobalSection(SolutionProperties) = preSolution
		HideSolutionNode = FALSE
	EndGlobalSection
	GlobalSection(NestedProjects) = preSolution
		{3498B8B4-4045-48B3-9F6E-D5291B45A44A} = {6ECC5716-02AD-44B1-8C4F-C1F86B50B197}
		{81C83CF6-689B-42CB-BB86-8D602E589EDC} = {6ECC5716-02AD-44B1-8C4F-C1F86B50B197}
		{520995CC-7B8D-4FE5-9ED8-817565EA6BEB} = {3ED5916E-2ADC-4B65-A095-3FDEF129D104}
		{5F471A08-AC9A-496C-AB54-CBB91303F587} = {3ED5916E-2ADC-4B65-A095-3FDEF129D104}
		{FF501693-2FC5-4144-A262-2B775046E11D} = {3ED5916E-2ADC-4B65-A095-3FDEF129D104}
		{4C45763E-1C9F-4F41-B42D-F5CC0C0F4F86} = {6D07705A-E9F0-487E-B056-A6988947B1CB}
		{AD41B595-9A9D-44C2-B7BE-BF5BDDFA48DB} = {6D07705A-E9F0-487E-B056-A6988947B1CB}
		{4F7F871E-B446-498E-A2FD-60FC0E513E97} = {DB0F7282-5F73-4C99-853D-B7C0C7F2A352}
		{DBCD996E-2B1E-48E1-AC87-C36763D36F29} = {DB0F7282-5F73-4C99-853D-B7C0C7F2A352}
		{42CAE984-5CB9-4B47-9086-22545C5553E4} = {DB0F7282-5F73-4C99-853D-B7C0C7F2A352}
		{5B60A309-2B9A-46AC-9532-7567FCE689C9} = {C936BED1-C939-452E-9E5D-2C5D832262E9}
		{68CB67E9-8855-4A0B-9C3B-DD7CCDD7CB27} = {C936BED1-C939-452E-9E5D-2C5D832262E9}
		{CB93F560-A454-4FAE-B51E-E9E1EFB5182D} = {686B6230-F537-4027-BB99-02D99D7D73EE}
		{4C0DA1C8-7BFC-4A79-9FAB-702C8520F3FA} = {686B6230-F537-4027-BB99-02D99D7D73EE}
		{36987A58-298B-4833-A9D9-5244AAE3DDC1} = {686B6230-F537-4027-BB99-02D99D7D73EE}
		{EBD25A66-5C40-4EF5-877D-485264EA268F} = {00ACB3EB-05DC-4E7A-B189-4A14A6D82C31}
		{8E662510-A69A-4C97-B63A-57C775C8D6CD} = {00ACB3EB-05DC-4E7A-B189-4A14A6D82C31}
		{305F5196-6B07-4A88-8952-F5FB2446F2E7} = {ADFCCBA0-F3EE-4D23-BDDA-23821D1F3593}
		{00AC4725-BCB1-4E8E-BDEA-F1D2E52B3390} = {ADFCCBA0-F3EE-4D23-BDDA-23821D1F3593}
	EndGlobalSection
	GlobalSection(ExtensibilityGlobals) = postSolution
		SolutionGuid = {E5942946-DC51-4E81-98F6-A21B1A4A99C9}
	EndGlobalSection
EndGlobal
