
Microsoft Visual Studio Solution File, Format Version 12.00
# Visual Studio Version 17
VisualStudioVersion = 17.3.32929.385
MinimumVisualStudioVersion = 10.0.40219.1
Project("{2150E333-8FDC-42A3-9474-1A3956D46DE8}") = "ITMO.CsharpWPF.Lab01", "ITMO.CsharpWPF.Lab01", "{E739AF64-8C60-4F9B-A5BE-1D130C7A13A2}"
EndProject
Project("{FAE04EC0-301F-11D3-BF4B-00C04F79EFBC}") = "ITMO.CsharpWPF.Lab01.Exercise01", "ITMO.CsharpWPF.Lab01\ITMO.CsharpWPF.Lab01.Exercise01\ITMO.CsharpWPF.Lab01.Exercise01.csproj", "{D425E7B0-CA9D-46A8-B4DA-CF4FB2C7C83B}"
EndProject
Project("{FAE04EC0-301F-11D3-BF4B-00C04F79EFBC}") = "ITMO.CsharpWPF.Lab01.Exercise02", "ITMO.CsharpWPF.Lab01\ITMO.CsharpWPF.Lab01.Exercise02\ITMO.CsharpWPF.Lab01.Exercise02.csproj", "{2947F016-D172-4027-A301-46E2B952C373}"
EndProject
Project("{FAE04EC0-301F-11D3-BF4B-00C04F79EFBC}") = "ITMO.CsharpWPF.Lab01.Exercise03", "ITMO.CsharpWPF.Lab01\ITMO.CsharpWPF.Lab01.Exercise03\ITMO.CsharpWPF.Lab01.Exercise03.csproj", "{98F5CFCA-A70D-4BE1-9164-A1CF9072897E}"
EndProject
Project("{2150E333-8FDC-42A3-9474-1A3956D46DE8}") = "ITMO.CsharpWPF.Lab02", "ITMO.CsharpWPF.Lab02", "{06478390-A708-4008-B6B7-7021C6AEEC1C}"
EndProject
Project("{FAE04EC0-301F-11D3-BF4B-00C04F79EFBC}") = "ITMO.CsharpWPF.Lab02.Exercise01", "ITMO.CsharpWPF.Lab02\ITMO.CsharpWPF.Lab02.Exercise01\ITMO.CsharpWPF.Lab02.Exercise01.csproj", "{AFE4727F-1AEB-49DC-9471-DE1BF5BAA7BD}"
EndProject
Project("{FAE04EC0-301F-11D3-BF4B-00C04F79EFBC}") = "ITMO.CsharpWPF.Lab02.Exercise02", "ITMO.CsharpWPF.Lab02\ITMO.CsharpWPF.Lab02.Exercise02\ITMO.CsharpWPF.Lab02.Exercise02.csproj", "{FD3AA0DB-C690-49EB-8874-B3B54CEA6156}"
EndProject
Project("{2150E333-8FDC-42A3-9474-1A3956D46DE8}") = "ITMO.CsharpWPF.Lab03", "ITMO.CsharpWPF.Lab03", "{FACCAB30-A9DF-4ED9-810C-5482808CB1D5}"
EndProject
Project("{FAE04EC0-301F-11D3-BF4B-00C04F79EFBC}") = "ITMO.CsharpWPF.Lab03.Exercise01", "ITMO.CsharpWPF.Lab03\ITMO.CsharpWPF.Lab03.Exercise01\ITMO.CsharpWPF.Lab03.Exercise01.csproj", "{272A9ED3-10E4-438B-B620-4EA9C6FF9E0E}"
EndProject
Project("{FAE04EC0-301F-11D3-BF4B-00C04F79EFBC}") = "ITMO.CsharpWPF.Lab03.Exercise02", "ITMO.CsharpWPF.Lab03\ITMO.CsharpWPF.Lab03.Exercise02\ITMO.CsharpWPF.Lab03.Exercise02.csproj", "{B807FC3F-375D-482C-827B-D3AB121A3F77}"
EndProject
Project("{FAE04EC0-301F-11D3-BF4B-00C04F79EFBC}") = "ITMO.CsharpWPF.Lab03.Exercise03", "ITMO.CsharpWPF.Lab03\ITMO.CsharpWPF.Lab03.Exercise03\ITMO.CsharpWPF.Lab03.Exercise03.csproj", "{8F265024-5C4D-460A-8291-107E18BD1913}"
EndProject
Project("{2150E333-8FDC-42A3-9474-1A3956D46DE8}") = "ITMO.CsharpWPF.Lab04", "ITMO.CsharpWPF.Lab04", "{57A09D40-A810-45EA-A0D2-0DB2090D59C2}"
EndProject
Project("{FAE04EC0-301F-11D3-BF4B-00C04F79EFBC}") = "ITMO.CsharpWPF.Lab04.Exercise01", "ITMO.CsharpWPF.Lab04\ITMO.CsharpWPF.Lab04.Exercise01\ITMO.CsharpWPF.Lab04.Exercise01.csproj", "{797A7FD7-B296-4DEB-B2AF-94B8B95FD880}"
EndProject
Project("{FAE04EC0-301F-11D3-BF4B-00C04F79EFBC}") = "ITMO.CsharpWPF.Lab04.Exercise02", "ITMO.CsharpWPF.Lab04\ITMO.CsharpWPF.Lab04.Exercise02\ITMO.CsharpWPF.Lab04.Exercise02.csproj", "{F8E15732-53C0-4313-AFFB-48FCB5CBFF6E}"
EndProject
Project("{2150E333-8FDC-42A3-9474-1A3956D46DE8}") = "ITMO.CsharpWPF.Lab05", "ITMO.CsharpWPF.Lab05", "{E93E7E6E-5FFF-4D35-B684-64C7E2BE3B2C}"
EndProject
Project("{FAE04EC0-301F-11D3-BF4B-00C04F79EFBC}") = "ITMO.CsharpWPF.Lab05.Exercise01", "ITMO.CsharpWPF.Lab05\ITMO.CsharpWPF.Lab05.Exercise01\ITMO.CsharpWPF.Lab05.Exercise01.csproj", "{C61EA233-1121-4DEB-BB73-E356448055B8}"
EndProject
Project("{FAE04EC0-301F-11D3-BF4B-00C04F79EFBC}") = "ITMO.CsharpWPF.Lab05.Exercise02", "ITMO.CsharpWPF.Lab05\ITMO.CsharpWPF.Lab05.Exercise02\ITMO.CsharpWPF.Lab05.Exercise02.csproj", "{01FD2985-5831-46AF-93D7-C28D74FC6FA0}"
EndProject
Project("{2150E333-8FDC-42A3-9474-1A3956D46DE8}") = "ITMO.CsharpWPF.Test", "ITMO.CsharpWPF.Test", "{27A66A3F-D33B-487D-B0DA-3581DA7FBA6E}"
EndProject
Project("{FAE04EC0-301F-11D3-BF4B-00C04F79EFBC}") = "ITMO.CsharpWPF.Test.CalculatorUI", "ITMO.CsharpWPF.Test\ITMO.CsharpWPF.Test.CalculatorUI\ITMO.CsharpWPF.Test.CalculatorUI.csproj", "{808C99FB-ADDB-4AC4-9113-E9831ECC9FEC}"
EndProject
Project("{FAE04EC0-301F-11D3-BF4B-00C04F79EFBC}") = "ITMO.CsharpWPF.Test.CalculatorEngine", "ITMO.CsharpWPF.Test\ITMO.CsharpWPF.Test.CalculatorEngine\ITMO.CsharpWPF.Test.CalculatorEngine.csproj", "{DEB17DB2-4279-42CD-A0F5-3741DD4068AD}"
EndProject
Project("{2150E333-8FDC-42A3-9474-1A3956D46DE8}") = "ITMO.CsharpWPF.Lab07", "ITMO.CsharpWPF.Lab07", "{D4E05718-9F9D-4B29-9A1C-3F081CC4577F}"
EndProject
Project("{2150E333-8FDC-42A3-9474-1A3956D46DE8}") = "ITMO.CsharpWPF.ExtraLab", "ITMO.CsharpWPF.ExtraLab", "{31C8EBC6-B066-405A-A749-2EC288CC7F0D}"
EndProject
Project("{FAE04EC0-301F-11D3-BF4B-00C04F79EFBC}") = "ITMO.CsharpWPF.ExtraLab.Lab01", "ITMO.CsharpWPF.ExtraLab\ITMO.CsharpWPF.ExtraLab.Lab01\ITMO.CsharpWPF.ExtraLab.Lab01.csproj", "{FB8C16AA-AD0E-431D-A790-30D6676B7904}"
EndProject
Global
	GlobalSection(SolutionConfigurationPlatforms) = preSolution
		Debug|Any CPU = Debug|Any CPU
		Release|Any CPU = Release|Any CPU
	EndGlobalSection
	GlobalSection(ProjectConfigurationPlatforms) = postSolution
		{D425E7B0-CA9D-46A8-B4DA-CF4FB2C7C83B}.Debug|Any CPU.ActiveCfg = Debug|Any CPU
		{D425E7B0-CA9D-46A8-B4DA-CF4FB2C7C83B}.Debug|Any CPU.Build.0 = Debug|Any CPU
		{D425E7B0-CA9D-46A8-B4DA-CF4FB2C7C83B}.Release|Any CPU.ActiveCfg = Release|Any CPU
		{D425E7B0-CA9D-46A8-B4DA-CF4FB2C7C83B}.Release|Any CPU.Build.0 = Release|Any CPU
		{2947F016-D172-4027-A301-46E2B952C373}.Debug|Any CPU.ActiveCfg = Debug|Any CPU
		{2947F016-D172-4027-A301-46E2B952C373}.Debug|Any CPU.Build.0 = Debug|Any CPU
		{2947F016-D172-4027-A301-46E2B952C373}.Release|Any CPU.ActiveCfg = Release|Any CPU
		{2947F016-D172-4027-A301-46E2B952C373}.Release|Any CPU.Build.0 = Release|Any CPU
		{98F5CFCA-A70D-4BE1-9164-A1CF9072897E}.Debug|Any CPU.ActiveCfg = Debug|Any CPU
		{98F5CFCA-A70D-4BE1-9164-A1CF9072897E}.Debug|Any CPU.Build.0 = Debug|Any CPU
		{98F5CFCA-A70D-4BE1-9164-A1CF9072897E}.Release|Any CPU.ActiveCfg = Release|Any CPU
		{98F5CFCA-A70D-4BE1-9164-A1CF9072897E}.Release|Any CPU.Build.0 = Release|Any CPU
		{AFE4727F-1AEB-49DC-9471-DE1BF5BAA7BD}.Debug|Any CPU.ActiveCfg = Debug|Any CPU
		{AFE4727F-1AEB-49DC-9471-DE1BF5BAA7BD}.Debug|Any CPU.Build.0 = Debug|Any CPU
		{AFE4727F-1AEB-49DC-9471-DE1BF5BAA7BD}.Release|Any CPU.ActiveCfg = Release|Any CPU
		{AFE4727F-1AEB-49DC-9471-DE1BF5BAA7BD}.Release|Any CPU.Build.0 = Release|Any CPU
		{FD3AA0DB-C690-49EB-8874-B3B54CEA6156}.Debug|Any CPU.ActiveCfg = Debug|Any CPU
		{FD3AA0DB-C690-49EB-8874-B3B54CEA6156}.Debug|Any CPU.Build.0 = Debug|Any CPU
		{FD3AA0DB-C690-49EB-8874-B3B54CEA6156}.Release|Any CPU.ActiveCfg = Release|Any CPU
		{FD3AA0DB-C690-49EB-8874-B3B54CEA6156}.Release|Any CPU.Build.0 = Release|Any CPU
		{272A9ED3-10E4-438B-B620-4EA9C6FF9E0E}.Debug|Any CPU.ActiveCfg = Debug|Any CPU
		{272A9ED3-10E4-438B-B620-4EA9C6FF9E0E}.Debug|Any CPU.Build.0 = Debug|Any CPU
		{272A9ED3-10E4-438B-B620-4EA9C6FF9E0E}.Release|Any CPU.ActiveCfg = Release|Any CPU
		{272A9ED3-10E4-438B-B620-4EA9C6FF9E0E}.Release|Any CPU.Build.0 = Release|Any CPU
		{B807FC3F-375D-482C-827B-D3AB121A3F77}.Debug|Any CPU.ActiveCfg = Debug|Any CPU
		{B807FC3F-375D-482C-827B-D3AB121A3F77}.Debug|Any CPU.Build.0 = Debug|Any CPU
		{B807FC3F-375D-482C-827B-D3AB121A3F77}.Release|Any CPU.ActiveCfg = Release|Any CPU
		{B807FC3F-375D-482C-827B-D3AB121A3F77}.Release|Any CPU.Build.0 = Release|Any CPU
		{8F265024-5C4D-460A-8291-107E18BD1913}.Debug|Any CPU.ActiveCfg = Debug|Any CPU
		{8F265024-5C4D-460A-8291-107E18BD1913}.Debug|Any CPU.Build.0 = Debug|Any CPU
		{8F265024-5C4D-460A-8291-107E18BD1913}.Release|Any CPU.ActiveCfg = Release|Any CPU
		{8F265024-5C4D-460A-8291-107E18BD1913}.Release|Any CPU.Build.0 = Release|Any CPU
		{797A7FD7-B296-4DEB-B2AF-94B8B95FD880}.Debug|Any CPU.ActiveCfg = Debug|Any CPU
		{797A7FD7-B296-4DEB-B2AF-94B8B95FD880}.Debug|Any CPU.Build.0 = Debug|Any CPU
		{797A7FD7-B296-4DEB-B2AF-94B8B95FD880}.Release|Any CPU.ActiveCfg = Release|Any CPU
		{797A7FD7-B296-4DEB-B2AF-94B8B95FD880}.Release|Any CPU.Build.0 = Release|Any CPU
		{F8E15732-53C0-4313-AFFB-48FCB5CBFF6E}.Debug|Any CPU.ActiveCfg = Debug|Any CPU
		{F8E15732-53C0-4313-AFFB-48FCB5CBFF6E}.Debug|Any CPU.Build.0 = Debug|Any CPU
		{F8E15732-53C0-4313-AFFB-48FCB5CBFF6E}.Release|Any CPU.ActiveCfg = Release|Any CPU
		{F8E15732-53C0-4313-AFFB-48FCB5CBFF6E}.Release|Any CPU.Build.0 = Release|Any CPU
		{C61EA233-1121-4DEB-BB73-E356448055B8}.Debug|Any CPU.ActiveCfg = Debug|Any CPU
		{C61EA233-1121-4DEB-BB73-E356448055B8}.Debug|Any CPU.Build.0 = Debug|Any CPU
		{C61EA233-1121-4DEB-BB73-E356448055B8}.Release|Any CPU.ActiveCfg = Release|Any CPU
		{C61EA233-1121-4DEB-BB73-E356448055B8}.Release|Any CPU.Build.0 = Release|Any CPU
		{01FD2985-5831-46AF-93D7-C28D74FC6FA0}.Debug|Any CPU.ActiveCfg = Debug|Any CPU
		{01FD2985-5831-46AF-93D7-C28D74FC6FA0}.Debug|Any CPU.Build.0 = Debug|Any CPU
		{01FD2985-5831-46AF-93D7-C28D74FC6FA0}.Release|Any CPU.ActiveCfg = Release|Any CPU
		{01FD2985-5831-46AF-93D7-C28D74FC6FA0}.Release|Any CPU.Build.0 = Release|Any CPU
		{808C99FB-ADDB-4AC4-9113-E9831ECC9FEC}.Debug|Any CPU.ActiveCfg = Debug|Any CPU
		{808C99FB-ADDB-4AC4-9113-E9831ECC9FEC}.Debug|Any CPU.Build.0 = Debug|Any CPU
		{808C99FB-ADDB-4AC4-9113-E9831ECC9FEC}.Release|Any CPU.ActiveCfg = Release|Any CPU
		{808C99FB-ADDB-4AC4-9113-E9831ECC9FEC}.Release|Any CPU.Build.0 = Release|Any CPU
		{DEB17DB2-4279-42CD-A0F5-3741DD4068AD}.Debug|Any CPU.ActiveCfg = Debug|Any CPU
		{DEB17DB2-4279-42CD-A0F5-3741DD4068AD}.Debug|Any CPU.Build.0 = Debug|Any CPU
		{DEB17DB2-4279-42CD-A0F5-3741DD4068AD}.Release|Any CPU.ActiveCfg = Release|Any CPU
		{DEB17DB2-4279-42CD-A0F5-3741DD4068AD}.Release|Any CPU.Build.0 = Release|Any CPU
		{FB8C16AA-AD0E-431D-A790-30D6676B7904}.Debug|Any CPU.ActiveCfg = Debug|Any CPU
		{FB8C16AA-AD0E-431D-A790-30D6676B7904}.Debug|Any CPU.Build.0 = Debug|Any CPU
		{FB8C16AA-AD0E-431D-A790-30D6676B7904}.Release|Any CPU.ActiveCfg = Release|Any CPU
		{FB8C16AA-AD0E-431D-A790-30D6676B7904}.Release|Any CPU.Build.0 = Release|Any CPU
	EndGlobalSection
	GlobalSection(SolutionProperties) = preSolution
		HideSolutionNode = FALSE
	EndGlobalSection
	GlobalSection(NestedProjects) = preSolution
		{D425E7B0-CA9D-46A8-B4DA-CF4FB2C7C83B} = {E739AF64-8C60-4F9B-A5BE-1D130C7A13A2}
		{2947F016-D172-4027-A301-46E2B952C373} = {E739AF64-8C60-4F9B-A5BE-1D130C7A13A2}
		{98F5CFCA-A70D-4BE1-9164-A1CF9072897E} = {E739AF64-8C60-4F9B-A5BE-1D130C7A13A2}
		{AFE4727F-1AEB-49DC-9471-DE1BF5BAA7BD} = {06478390-A708-4008-B6B7-7021C6AEEC1C}
		{FD3AA0DB-C690-49EB-8874-B3B54CEA6156} = {06478390-A708-4008-B6B7-7021C6AEEC1C}
		{272A9ED3-10E4-438B-B620-4EA9C6FF9E0E} = {FACCAB30-A9DF-4ED9-810C-5482808CB1D5}
		{B807FC3F-375D-482C-827B-D3AB121A3F77} = {FACCAB30-A9DF-4ED9-810C-5482808CB1D5}
		{8F265024-5C4D-460A-8291-107E18BD1913} = {FACCAB30-A9DF-4ED9-810C-5482808CB1D5}
		{797A7FD7-B296-4DEB-B2AF-94B8B95FD880} = {57A09D40-A810-45EA-A0D2-0DB2090D59C2}
		{F8E15732-53C0-4313-AFFB-48FCB5CBFF6E} = {57A09D40-A810-45EA-A0D2-0DB2090D59C2}
		{C61EA233-1121-4DEB-BB73-E356448055B8} = {E93E7E6E-5FFF-4D35-B684-64C7E2BE3B2C}
		{01FD2985-5831-46AF-93D7-C28D74FC6FA0} = {E93E7E6E-5FFF-4D35-B684-64C7E2BE3B2C}
		{808C99FB-ADDB-4AC4-9113-E9831ECC9FEC} = {27A66A3F-D33B-487D-B0DA-3581DA7FBA6E}
		{DEB17DB2-4279-42CD-A0F5-3741DD4068AD} = {27A66A3F-D33B-487D-B0DA-3581DA7FBA6E}
		{FB8C16AA-AD0E-431D-A790-30D6676B7904} = {31C8EBC6-B066-405A-A749-2EC288CC7F0D}
	EndGlobalSection
	GlobalSection(ExtensibilityGlobals) = postSolution
		SolutionGuid = {8254D371-E483-431A-B4B9-2BF0FE61FFA0}
	EndGlobalSection
EndGlobal
