
Microsoft Visual Studio Solution File, Format Version 12.00
# Visual Studio Version 17
VisualStudioVersion = 17.3.32929.385
MinimumVisualStudioVersion = 10.0.40219.1
Project("{2150E333-8FDC-42A3-9474-1A3956D46DE8}") = "ITMO.CsharpWPF.Lab01", "ITMO.CsharpWPF.Lab01", "{E739AF64-8C60-4F9B-A5BE-1D130C7A13A2}"
EndProject
Project("{FAE04EC0-301F-11D3-BF4B-00C04F79EFBC}") = "ITMO.CsharpWPF.Lab01.Exercise01", "ITMO.CsharpWPF.Lab01\ITMO.CsharpWPF.Lab01.Exercise01\ITMO.CsharpWPF.Lab01.Exercise01.csproj", "{D425E7B0-CA9D-46A8-B4DA-CF4FB2C7C83B}"
EndProject
Project("{FAE04EC0-301F-11D3-BF4B-00C04F79EFBC}") = "ITMO.CsharpWPF.Lab01.Exercise02", "ITMO.CsharpWPF.Lab01\ITMO.CsharpWPF.Lab01.Exercise02\ITMO.CsharpWPF.Lab01.Exercise02.csproj", "{2947F016-D172-4027-A301-46E2B952C373}"
EndProject
Project("{FAE04EC0-301F-11D3-BF4B-00C04F79EFBC}") = "ITMO.CsharpWPF.Lab01.Exercise03", "ITMO.CsharpWPF.Lab01\ITMO.CsharpWPF.Lab01.Exercise03\ITMO.CsharpWPF.Lab01.Exercise03.csproj", "{98F5CFCA-A70D-4BE1-9164-A1CF9072897E}"
EndProject
Project("{2150E333-8FDC-42A3-9474-1A3956D46DE8}") = "ITMO.CsharpWPF.Lab02", "ITMO.CsharpWPF.Lab02", "{06478390-A708-4008-B6B7-7021C6AEEC1C}"
EndProject
Project("{FAE04EC0-301F-11D3-BF4B-00C04F79EFBC}") = "ITMO.CsharpWPF.Lab02.Exercise01", "ITMO.CsharpWPF.Lab02\ITMO.CsharpWPF.Lab02.Exercise01\ITMO.CsharpWPF.Lab02.Exercise01.csproj", "{AFE4727F-1AEB-49DC-9471-DE1BF5BAA7BD}"
EndProject
Project("{FAE04EC0-301F-11D3-BF4B-00C04F79EFBC}") = "ITMO.CsharpWPF.Lab02.Exercise02", "ITMO.CsharpWPF.Lab02\ITMO.CsharpWPF.Lab02.Exercise02\ITMO.CsharpWPF.Lab02.Exercise02.csproj", "{FD3AA0DB-C690-49EB-8874-B3B54CEA6156}"
EndProject
Project("{2150E333-8FDC-42A3-9474-1A3956D46DE8}") = "ITMO.CsharpWPF.Lab03", "ITMO.CsharpWPF.Lab03", "{FACCAB30-A9DF-4ED9-810C-5482808CB1D5}"
EndProject
Project("{FAE04EC0-301F-11D3-BF4B-00C04F79EFBC}") = "ITMO.CsharpWPF.Lab03.Exercise01", "ITMO.CsharpWPF.Lab03\ITMO.CsharpWPF.Lab03.Exercise01\ITMO.CsharpWPF.Lab03.Exercise01.csproj", "{272A9ED3-10E4-438B-B620-4EA9C6FF9E0E}"
EndProject
Project("{FAE04EC0-301F-11D3-BF4B-00C04F79EFBC}") = "ITMO.CsharpWPF.Lab03.Exercise02", "ITMO.CsharpWPF.Lab03\ITMO.CsharpWPF.Lab03.Exercise02\ITMO.CsharpWPF.Lab03.Exercise02.csproj", "{B807FC3F-375D-482C-827B-D3AB121A3F77}"
EndProject
Project("{FAE04EC0-301F-11D3-BF4B-00C04F79EFBC}") = "ITMO.CsharpWPF.Lab03.Exercise03", "ITMO.CsharpWPF.Lab03\ITMO.CsharpWPF.Lab03.Exercise03\ITMO.CsharpWPF.Lab03.Exercise03.csproj", "{8F265024-5C4D-460A-8291-107E18BD1913}"
EndProject
Project("{2150E333-8FDC-42A3-9474-1A3956D46DE8}") = "ITMO.CsharpWPF.Lab04", "ITMO.CsharpWPF.Lab04", "{57A09D40-A810-45EA-A0D2-0DB2090D59C2}"
EndProject
Project("{FAE04EC0-301F-11D3-BF4B-00C04F79EFBC}") = "ITMO.CsharpWPF.Lab04.Exercise01", "ITMO.CsharpWPF.Lab04\ITMO.CsharpWPF.Lab04.Exercise01\ITMO.CsharpWPF.Lab04.Exercise01.csproj", "{797A7FD7-B296-4DEB-B2AF-94B8B95FD880}"
EndProject
Project("{FAE04EC0-301F-11D3-BF4B-00C04F79EFBC}") = "ITMO.CsharpWPF.Lab04.Exercise02", "ITMO.CsharpWPF.Lab04\ITMO.CsharpWPF.Lab04.Exercise02\ITMO.CsharpWPF.Lab04.Exercise02.csproj", "{F8E15732-53C0-4313-AFFB-48FCB5CBFF6E}"
EndProject
Global
	GlobalSection(SolutionConfigurationPlatforms) = preSolution
		Debug|Any CPU = Debug|Any CPU
		Release|Any CPU = Release|Any CPU
	EndGlobalSection
	GlobalSection(ProjectConfigurationPlatforms) = postSolution
		{D425E7B0-CA9D-46A8-B4DA-CF4FB2C7C83B}.Debug|Any CPU.ActiveCfg = Debug|Any CPU
		{D425E7B0-CA9D-46A8-B4DA-CF4FB2C7C83B}.Debug|Any CPU.Build.0 = Debug|Any CPU
		{D425E7B0-CA9D-46A8-B4DA-CF4FB2C7C83B}.Release|Any CPU.ActiveCfg = Release|Any CPU
		{D425E7B0-CA9D-46A8-B4DA-CF4FB2C7C83B}.Release|Any CPU.Build.0 = Release|Any CPU
		{2947F016-D172-4027-A301-46E2B952C373}.Debug|Any CPU.ActiveCfg = Debug|Any CPU
		{2947F016-D172-4027-A301-46E2B952C373}.Debug|Any CPU.Build.0 = Debug|Any CPU
		{2947F016-D172-4027-A301-46E2B952C373}.Release|Any CPU.ActiveCfg = Release|Any CPU
		{2947F016-D172-4027-A301-46E2B952C373}.Release|Any CPU.Build.0 = Release|Any CPU
		{98F5CFCA-A70D-4BE1-9164-A1CF9072897E}.Debug|Any CPU.ActiveCfg = Debug|Any CPU
		{98F5CFCA-A70D-4BE1-9164-A1CF9072897E}.Debug|Any CPU.Build.0 = Debug|Any CPU
		{98F5CFCA-A70D-4BE1-9164-A1CF9072897E}.Release|Any CPU.ActiveCfg = Release|Any CPU
		{98F5CFCA-A70D-4BE1-9164-A1CF9072897E}.Release|Any CPU.Build.0 = Release|Any CPU
		{AFE4727F-1AEB-49DC-9471-DE1BF5BAA7BD}.Debug|Any CPU.ActiveCfg = Debug|Any CPU
		{AFE4727F-1AEB-49DC-9471-DE1BF5BAA7BD}.Debug|Any CPU.Build.0 = Debug|Any CPU
		{AFE4727F-1AEB-49DC-9471-DE1BF5BAA7BD}.Release|Any CPU.ActiveCfg = Release|Any CPU
		{AFE4727F-1AEB-49DC-9471-DE1BF5BAA7BD}.Release|Any CPU.Build.0 = Release|Any CPU
		{FD3AA0DB-C690-49EB-8874-B3B54CEA6156}.Debug|Any CPU.ActiveCfg = Debug|Any CPU
		{FD3AA0DB-C690-49EB-8874-B3B54CEA6156}.Debug|Any CPU.Build.0 = Debug|Any CPU
		{FD3AA0DB-C690-49EB-8874-B3B54CEA6156}.Release|Any CPU.ActiveCfg = Release|Any CPU
		{FD3AA0DB-C690-49EB-8874-B3B54CEA6156}.Release|Any CPU.Build.0 = Release|Any CPU
		{272A9ED3-10E4-438B-B620-4EA9C6FF9E0E}.Debug|Any CPU.ActiveCfg = Debug|Any CPU
		{272A9ED3-10E4-438B-B620-4EA9C6FF9E0E}.Debug|Any CPU.Build.0 = Debug|Any CPU
		{272A9ED3-10E4-438B-B620-4EA9C6FF9E0E}.Release|Any CPU.ActiveCfg = Release|Any CPU
		{272A9ED3-10E4-438B-B620-4EA9C6FF9E0E}.Release|Any CPU.Build.0 = Release|Any CPU
		{B807FC3F-375D-482C-827B-D3AB121A3F77}.Debug|Any CPU.ActiveCfg = Debug|Any CPU
		{B807FC3F-375D-482C-827B-D3AB121A3F77}.Debug|Any CPU.Build.0 = Debug|Any CPU
		{B807FC3F-375D-482C-827B-D3AB121A3F77}.Release|Any CPU.ActiveCfg = Release|Any CPU
		{B807FC3F-375D-482C-827B-D3AB121A3F77}.Release|Any CPU.Build.0 = Release|Any CPU
		{8F265024-5C4D-460A-8291-107E18BD1913}.Debug|Any CPU.ActiveCfg = Debug|Any CPU
		{8F265024-5C4D-460A-8291-107E18BD1913}.Debug|Any CPU.Build.0 = Debug|Any CPU
		{8F265024-5C4D-460A-8291-107E18BD1913}.Release|Any CPU.ActiveCfg = Release|Any CPU
		{8F265024-5C4D-460A-8291-107E18BD1913}.Release|Any CPU.Build.0 = Release|Any CPU
		{797A7FD7-B296-4DEB-B2AF-94B8B95FD880}.Debug|Any CPU.ActiveCfg = Debug|Any CPU
		{797A7FD7-B296-4DEB-B2AF-94B8B95FD880}.Debug|Any CPU.Build.0 = Debug|Any CPU
		{797A7FD7-B296-4DEB-B2AF-94B8B95FD880}.Release|Any CPU.ActiveCfg = Release|Any CPU
		{797A7FD7-B296-4DEB-B2AF-94B8B95FD880}.Release|Any CPU.Build.0 = Release|Any CPU
		{F8E15732-53C0-4313-AFFB-48FCB5CBFF6E}.Debug|Any CPU.ActiveCfg = Debug|Any CPU
		{F8E15732-53C0-4313-AFFB-48FCB5CBFF6E}.Debug|Any CPU.Build.0 = Debug|Any CPU
		{F8E15732-53C0-4313-AFFB-48FCB5CBFF6E}.Release|Any CPU.ActiveCfg = Release|Any CPU
		{F8E15732-53C0-4313-AFFB-48FCB5CBFF6E}.Release|Any CPU.Build.0 = Release|Any CPU
	EndGlobalSection
	GlobalSection(SolutionProperties) = preSolution
		HideSolutionNode = FALSE
	EndGlobalSection
	GlobalSection(NestedProjects) = preSolution
		{D425E7B0-CA9D-46A8-B4DA-CF4FB2C7C83B} = {E739AF64-8C60-4F9B-A5BE-1D130C7A13A2}
		{2947F016-D172-4027-A301-46E2B952C373} = {E739AF64-8C60-4F9B-A5BE-1D130C7A13A2}
		{98F5CFCA-A70D-4BE1-9164-A1CF9072897E} = {E739AF64-8C60-4F9B-A5BE-1D130C7A13A2}
		{AFE4727F-1AEB-49DC-9471-DE1BF5BAA7BD} = {06478390-A708-4008-B6B7-7021C6AEEC1C}
		{FD3AA0DB-C690-49EB-8874-B3B54CEA6156} = {06478390-A708-4008-B6B7-7021C6AEEC1C}
		{272A9ED3-10E4-438B-B620-4EA9C6FF9E0E} = {FACCAB30-A9DF-4ED9-810C-5482808CB1D5}
		{B807FC3F-375D-482C-827B-D3AB121A3F77} = {FACCAB30-A9DF-4ED9-810C-5482808CB1D5}
		{8F265024-5C4D-460A-8291-107E18BD1913} = {FACCAB30-A9DF-4ED9-810C-5482808CB1D5}
		{797A7FD7-B296-4DEB-B2AF-94B8B95FD880} = {57A09D40-A810-45EA-A0D2-0DB2090D59C2}
		{F8E15732-53C0-4313-AFFB-48FCB5CBFF6E} = {57A09D40-A810-45EA-A0D2-0DB2090D59C2}
	EndGlobalSection
	GlobalSection(ExtensibilityGlobals) = postSolution
		SolutionGuid = {8254D371-E483-431A-B4B9-2BF0FE61FFA0}
	EndGlobalSection
EndGlobal
