
Microsoft Visual Studio Solution File, Format Version 12.00
# Visual Studio Version 17
VisualStudioVersion = 17.3.32929.385
MinimumVisualStudioVersion = 10.0.40219.1
Project("{2150E333-8FDC-42A3-9474-1A3956D46DE8}") = "ITMO.ADONET.Lab01", "ITMO.ADONET.Lab01", "{0C282C34-D888-4E91-8910-2E9D4805E94A}"
EndProject
Project("{FAE04EC0-301F-11D3-BF4B-00C04F79EFBC}") = "ITMO.ADONET.Lab01.Exercise02", "ITMO.ADONET.Lab01\ITMO.ADONET.Lab01.Exercise02\ITMO.ADONET.Lab01.Exercise02.csproj", "{523763CB-4B2D-4C4D-9A8C-D926BA682CA6}"
EndProject
Global
	GlobalSection(SolutionConfigurationPlatforms) = preSolution
		Debug|Any CPU = Debug|Any CPU
		Release|Any CPU = Release|Any CPU
	EndGlobalSection
	GlobalSection(ProjectConfigurationPlatforms) = postSolution
		{523763CB-4B2D-4C4D-9A8C-D926BA682CA6}.Debug|Any CPU.ActiveCfg = Debug|Any CPU
		{523763CB-4B2D-4C4D-9A8C-D926BA682CA6}.Debug|Any CPU.Build.0 = Debug|Any CPU
		{523763CB-4B2D-4C4D-9A8C-D926BA682CA6}.Release|Any CPU.ActiveCfg = Release|Any CPU
		{523763CB-4B2D-4C4D-9A8C-D926BA682CA6}.Release|Any CPU.Build.0 = Release|Any CPU
	EndGlobalSection
	GlobalSection(SolutionProperties) = preSolution
		HideSolutionNode = FALSE
	EndGlobalSection
	GlobalSection(NestedProjects) = preSolution
		{523763CB-4B2D-4C4D-9A8C-D926BA682CA6} = {0C282C34-D888-4E91-8910-2E9D4805E94A}
	EndGlobalSection
	GlobalSection(ExtensibilityGlobals) = postSolution
		SolutionGuid = {BB9D521B-B9D4-4F52-AB62-97232547A701}
	EndGlobalSection
EndGlobal
