
Microsoft Visual Studio Solution File, Format Version 12.00
# Visual Studio Version 17
VisualStudioVersion = 17.3.32929.385
MinimumVisualStudioVersion = 10.0.40219.1
Project("{2150E333-8FDC-42A3-9474-1A3956D46DE8}") = "ITMO.ADONET.Lab01", "ITMO.ADONET.Lab01", "{0C282C34-D888-4E91-8910-2E9D4805E94A}"
EndProject
Project("{FAE04EC0-301F-11D3-BF4B-00C04F79EFBC}") = "ITMO.ADONET.Lab01.Exercise02", "ITMO.ADONET.Lab01\ITMO.ADONET.Lab01.Exercise02\ITMO.ADONET.Lab01.Exercise02.csproj", "{523763CB-4B2D-4C4D-9A8C-D926BA682CA6}"
EndProject
Project("{FAE04EC0-301F-11D3-BF4B-00C04F79EFBC}") = "ITMO.ADONET.Lab01.Exercise03", "ITMO.ADONET.Lab01\ITMO.ADONET.Lab01.Exercise03\ITMO.ADONET.Lab01.Exercise03.csproj", "{68E02864-CD5A-456D-8639-209827C5F3B6}"
EndProject
Project("{FAE04EC0-301F-11D3-BF4B-00C04F79EFBC}") = "ITMO.ADONET.Lab01.Exercise04", "ITMO.ADONET.Lab01\ITMO.ADONET.Lab01.Exercise04\ITMO.ADONET.Lab01.Exercise04.csproj", "{A39FF568-FB46-494C-8808-EEA1AE61DFB6}"
EndProject
Project("{FAE04EC0-301F-11D3-BF4B-00C04F79EFBC}") = "ITMO.ADONET.Lab01.Exercise05", "ITMO.ADONET.Lab01\ITMO.ADONET.Lab01.Exercise05\ITMO.ADONET.Lab01.Exercise05.csproj", "{036A1628-948B-433A-90D5-3A234BCF6F6E}"
EndProject
Project("{2150E333-8FDC-42A3-9474-1A3956D46DE8}") = "ITMO.ADONET.Lab02", "ITMO.ADONET.Lab02", "{D44204F9-7EFD-48EB-8DF9-EDED978EAA06}"
EndProject
Project("{FAE04EC0-301F-11D3-BF4B-00C04F79EFBC}") = "ITMO.ADONET.Lab02.Exercise01", "ITMO.ADONET.Lab02\ITMO.ADONET.Lab02.Exercise01\ITMO.ADONET.Lab02.Exercise01.csproj", "{E90C854D-9723-45C3-BE42-8DC0D7168FDC}"
EndProject
Project("{FAE04EC0-301F-11D3-BF4B-00C04F79EFBC}") = "ITMO.ADONET.Lab02.Exercise02", "ITMO.ADONET.Lab02\ITMO.ADONET.Lab02.Exercise02\ITMO.ADONET.Lab02.Exercise02.csproj", "{EC89160F-DCB3-4483-9BE9-4C7D0E1BADB9}"
EndProject
Project("{FAE04EC0-301F-11D3-BF4B-00C04F79EFBC}") = "ITMO.ADONET.Lab02.Exercise03", "ITMO.ADONET.Lab02\ITMO.ADONET.Lab02.Exercise03\ITMO.ADONET.Lab02.Exercise03.csproj", "{58DEB12B-3C12-4D4E-B40C-2A73BAAF972F}"
EndProject
Project("{2150E333-8FDC-42A3-9474-1A3956D46DE8}") = "ITMO.ADONET.Lab04", "ITMO.ADONET.Lab04", "{DA5A1EAE-FED1-4335-9880-6DF6E020C613}"
EndProject
Project("{FAE04EC0-301F-11D3-BF4B-00C04F79EFBC}") = "ITMO.ADONET.Lab04.Exercise01", "ITMO.ADONET.Lab04\ITMO.ADONET.Lab04.Exercise01\ITMO.ADONET.Lab04.Exercise01.csproj", "{EFBE77DE-55AA-4BE6-BDE2-71E259262928}"
EndProject
Project("{FAE04EC0-301F-11D3-BF4B-00C04F79EFBC}") = "ITMO.ADONET.Lab04.Exercise02", "ITMO.ADONET.Lab04\ITMO.ADONET.Lab04.Exercise02\ITMO.ADONET.Lab04.Exercise02.csproj", "{1FED1A28-CF7D-4BD8-B64D-01D9F3885D78}"
EndProject
Project("{FAE04EC0-301F-11D3-BF4B-00C04F79EFBC}") = "ITMO.ADONET.Lab04.Exercise03", "ITMO.ADONET.Lab04\ITMO.ADONET.Lab04.Exercise03\ITMO.ADONET.Lab04.Exercise03.csproj", "{4FBE0C43-E4DF-4E6A-A93B-425093202EC7}"
EndProject
Project("{FAE04EC0-301F-11D3-BF4B-00C04F79EFBC}") = "ITMO.ADONET.Lab04.Exercise04", "ITMO.ADONET.Lab04\ITMO.ADONET.Lab04.Exercise04\ITMO.ADONET.Lab04.Exercise04.csproj", "{CA734084-CA5E-4D85-BD07-E1A8B97CD050}"
EndProject
Project("{FAE04EC0-301F-11D3-BF4B-00C04F79EFBC}") = "ITMO.ADONET.Lab04.Exercise05", "ITMO.ADONET.Lab04\ITMO.ADONET.Lab04.Exercise05\ITMO.ADONET.Lab04.Exercise05.csproj", "{EA608492-67DF-41E9-B017-617B4539AF8D}"
EndProject
Project("{FAE04EC0-301F-11D3-BF4B-00C04F79EFBC}") = "ITMO.ADONET.Lab04.Exercise06", "ITMO.ADONET.Lab04\ITMO.ADONET.Lab04.Exercise06\ITMO.ADONET.Lab04.Exercise06.csproj", "{3C42121A-421F-4900-ACB9-A7EE839F181E}"
EndProject
Project("{2150E333-8FDC-42A3-9474-1A3956D46DE8}") = "ITMO.ADONET.Lab05", "ITMO.ADONET.Lab05", "{C50EDFEB-4365-407B-BA19-AFB7E8E67AFF}"
EndProject
Project("{FAE04EC0-301F-11D3-BF4B-00C04F79EFBC}") = "ITMO.ADONET.Lab05.Exercise01", "ITMO.ADONET.Lab05\ITMO.ADONET.Lab05.Exercise01\ITMO.ADONET.Lab05.Exercise01.csproj", "{814C339D-13FA-4C27-9613-0D2A373370F9}"
EndProject
Project("{FAE04EC0-301F-11D3-BF4B-00C04F79EFBC}") = "ITMO.ADONET.Lab05.Exercise02", "ITMO.ADONET.Lab05\ITMO.ADONET.Lab05.Exercise02\ITMO.ADONET.Lab05.Exercise02.csproj", "{0F2A2EA0-FE28-4630-A746-9838F52C28E6}"
EndProject
Project("{FAE04EC0-301F-11D3-BF4B-00C04F79EFBC}") = "ITMO.ADONET.Lab05.Exercise03", "ITMO.ADONET.Lab05\ITMO.ADONET.Lab05.Exercise03\ITMO.ADONET.Lab05.Exercise03.csproj", "{951EE11B-4587-4925-BE69-10936993C85F}"
EndProject
Project("{FAE04EC0-301F-11D3-BF4B-00C04F79EFBC}") = "ITMO.ADONET.Lab05.Exercise04", "ITMO.ADONET.Lab05\ITMO.ADONET.Lab05.Exercise04\ITMO.ADONET.Lab05.Exercise04.csproj", "{9A54E436-AF6F-453E-A4C3-A70A362D39C6}"
EndProject
Project("{FAE04EC0-301F-11D3-BF4B-00C04F79EFBC}") = "ITMO.ADONET.Test", "ITMO.ADONET.Test\ITMO.ADONET.Test.csproj", "{4BE567E5-C815-42A8-A98C-772C2A69185F}"
EndProject
Project("{2150E333-8FDC-42A3-9474-1A3956D46DE8}") = "ITMO.ADONET.Lab07", "ITMO.ADONET.Lab07", "{AF023816-C67A-4C99-B31F-7EE9AF6979DF}"
EndProject
Project("{FAE04EC0-301F-11D3-BF4B-00C04F79EFBC}") = "ITMO.ADONET.Lab07.Exercise01", "ITMO.ADONET.Lab07\ITMO.ADONET.Lab07.Exercise01\ITMO.ADONET.Lab07.Exercise01.csproj", "{495A6C43-5075-4399-BD29-173FAD412257}"
EndProject
Project("{FAE04EC0-301F-11D3-BF4B-00C04F79EFBC}") = "ITMO.ADONET.Lab07.Exercise02", "ITMO.ADONET.Lab07\ITMO.ADONET.Lab07.Exercise02\ITMO.ADONET.Lab07.Exercise02.csproj", "{8F9DFE0E-2928-47EA-9B52-596A1C102410}"
EndProject
Project("{FAE04EC0-301F-11D3-BF4B-00C04F79EFBC}") = "ITMO.ADONET.Lab07.Exercise03", "ITMO.ADONET.Lab07.Exercise03\ITMO.ADONET.Lab07.Exercise03.csproj", "{F09A2456-2DB0-4301-846A-F6F9E61E3F44}"
EndProject
Global
	GlobalSection(SolutionConfigurationPlatforms) = preSolution
		Debug|Any CPU = Debug|Any CPU
		Release|Any CPU = Release|Any CPU
	EndGlobalSection
	GlobalSection(ProjectConfigurationPlatforms) = postSolution
		{523763CB-4B2D-4C4D-9A8C-D926BA682CA6}.Debug|Any CPU.ActiveCfg = Debug|Any CPU
		{523763CB-4B2D-4C4D-9A8C-D926BA682CA6}.Debug|Any CPU.Build.0 = Debug|Any CPU
		{523763CB-4B2D-4C4D-9A8C-D926BA682CA6}.Release|Any CPU.ActiveCfg = Release|Any CPU
		{523763CB-4B2D-4C4D-9A8C-D926BA682CA6}.Release|Any CPU.Build.0 = Release|Any CPU
		{68E02864-CD5A-456D-8639-209827C5F3B6}.Debug|Any CPU.ActiveCfg = Debug|Any CPU
		{68E02864-CD5A-456D-8639-209827C5F3B6}.Debug|Any CPU.Build.0 = Debug|Any CPU
		{68E02864-CD5A-456D-8639-209827C5F3B6}.Release|Any CPU.ActiveCfg = Release|Any CPU
		{68E02864-CD5A-456D-8639-209827C5F3B6}.Release|Any CPU.Build.0 = Release|Any CPU
		{A39FF568-FB46-494C-8808-EEA1AE61DFB6}.Debug|Any CPU.ActiveCfg = Debug|Any CPU
		{A39FF568-FB46-494C-8808-EEA1AE61DFB6}.Debug|Any CPU.Build.0 = Debug|Any CPU
		{A39FF568-FB46-494C-8808-EEA1AE61DFB6}.Release|Any CPU.ActiveCfg = Release|Any CPU
		{A39FF568-FB46-494C-8808-EEA1AE61DFB6}.Release|Any CPU.Build.0 = Release|Any CPU
		{036A1628-948B-433A-90D5-3A234BCF6F6E}.Debug|Any CPU.ActiveCfg = Debug|Any CPU
		{036A1628-948B-433A-90D5-3A234BCF6F6E}.Debug|Any CPU.Build.0 = Debug|Any CPU
		{036A1628-948B-433A-90D5-3A234BCF6F6E}.Release|Any CPU.ActiveCfg = Release|Any CPU
		{036A1628-948B-433A-90D5-3A234BCF6F6E}.Release|Any CPU.Build.0 = Release|Any CPU
		{E90C854D-9723-45C3-BE42-8DC0D7168FDC}.Debug|Any CPU.ActiveCfg = Debug|Any CPU
		{E90C854D-9723-45C3-BE42-8DC0D7168FDC}.Debug|Any CPU.Build.0 = Debug|Any CPU
		{E90C854D-9723-45C3-BE42-8DC0D7168FDC}.Release|Any CPU.ActiveCfg = Release|Any CPU
		{E90C854D-9723-45C3-BE42-8DC0D7168FDC}.Release|Any CPU.Build.0 = Release|Any CPU
		{EC89160F-DCB3-4483-9BE9-4C7D0E1BADB9}.Debug|Any CPU.ActiveCfg = Debug|Any CPU
		{EC89160F-DCB3-4483-9BE9-4C7D0E1BADB9}.Debug|Any CPU.Build.0 = Debug|Any CPU
		{EC89160F-DCB3-4483-9BE9-4C7D0E1BADB9}.Release|Any CPU.ActiveCfg = Release|Any CPU
		{EC89160F-DCB3-4483-9BE9-4C7D0E1BADB9}.Release|Any CPU.Build.0 = Release|Any CPU
		{58DEB12B-3C12-4D4E-B40C-2A73BAAF972F}.Debug|Any CPU.ActiveCfg = Debug|Any CPU
		{58DEB12B-3C12-4D4E-B40C-2A73BAAF972F}.Debug|Any CPU.Build.0 = Debug|Any CPU
		{58DEB12B-3C12-4D4E-B40C-2A73BAAF972F}.Release|Any CPU.ActiveCfg = Release|Any CPU
		{58DEB12B-3C12-4D4E-B40C-2A73BAAF972F}.Release|Any CPU.Build.0 = Release|Any CPU
		{EFBE77DE-55AA-4BE6-BDE2-71E259262928}.Debug|Any CPU.ActiveCfg = Debug|Any CPU
		{EFBE77DE-55AA-4BE6-BDE2-71E259262928}.Debug|Any CPU.Build.0 = Debug|Any CPU
		{EFBE77DE-55AA-4BE6-BDE2-71E259262928}.Release|Any CPU.ActiveCfg = Release|Any CPU
		{EFBE77DE-55AA-4BE6-BDE2-71E259262928}.Release|Any CPU.Build.0 = Release|Any CPU
		{1FED1A28-CF7D-4BD8-B64D-01D9F3885D78}.Debug|Any CPU.ActiveCfg = Debug|Any CPU
		{1FED1A28-CF7D-4BD8-B64D-01D9F3885D78}.Debug|Any CPU.Build.0 = Debug|Any CPU
		{1FED1A28-CF7D-4BD8-B64D-01D9F3885D78}.Release|Any CPU.ActiveCfg = Release|Any CPU
		{1FED1A28-CF7D-4BD8-B64D-01D9F3885D78}.Release|Any CPU.Build.0 = Release|Any CPU
		{4FBE0C43-E4DF-4E6A-A93B-425093202EC7}.Debug|Any CPU.ActiveCfg = Debug|Any CPU
		{4FBE0C43-E4DF-4E6A-A93B-425093202EC7}.Debug|Any CPU.Build.0 = Debug|Any CPU
		{4FBE0C43-E4DF-4E6A-A93B-425093202EC7}.Release|Any CPU.ActiveCfg = Release|Any CPU
		{4FBE0C43-E4DF-4E6A-A93B-425093202EC7}.Release|Any CPU.Build.0 = Release|Any CPU
		{CA734084-CA5E-4D85-BD07-E1A8B97CD050}.Debug|Any CPU.ActiveCfg = Debug|Any CPU
		{CA734084-CA5E-4D85-BD07-E1A8B97CD050}.Debug|Any CPU.Build.0 = Debug|Any CPU
		{CA734084-CA5E-4D85-BD07-E1A8B97CD050}.Release|Any CPU.ActiveCfg = Release|Any CPU
		{CA734084-CA5E-4D85-BD07-E1A8B97CD050}.Release|Any CPU.Build.0 = Release|Any CPU
		{EA608492-67DF-41E9-B017-617B4539AF8D}.Debug|Any CPU.ActiveCfg = Debug|Any CPU
		{EA608492-67DF-41E9-B017-617B4539AF8D}.Debug|Any CPU.Build.0 = Debug|Any CPU
		{EA608492-67DF-41E9-B017-617B4539AF8D}.Release|Any CPU.ActiveCfg = Release|Any CPU
		{EA608492-67DF-41E9-B017-617B4539AF8D}.Release|Any CPU.Build.0 = Release|Any CPU
		{3C42121A-421F-4900-ACB9-A7EE839F181E}.Debug|Any CPU.ActiveCfg = Debug|Any CPU
		{3C42121A-421F-4900-ACB9-A7EE839F181E}.Debug|Any CPU.Build.0 = Debug|Any CPU
		{3C42121A-421F-4900-ACB9-A7EE839F181E}.Release|Any CPU.ActiveCfg = Release|Any CPU
		{3C42121A-421F-4900-ACB9-A7EE839F181E}.Release|Any CPU.Build.0 = Release|Any CPU
		{814C339D-13FA-4C27-9613-0D2A373370F9}.Debug|Any CPU.ActiveCfg = Debug|Any CPU
		{814C339D-13FA-4C27-9613-0D2A373370F9}.Debug|Any CPU.Build.0 = Debug|Any CPU
		{814C339D-13FA-4C27-9613-0D2A373370F9}.Release|Any CPU.ActiveCfg = Release|Any CPU
		{814C339D-13FA-4C27-9613-0D2A373370F9}.Release|Any CPU.Build.0 = Release|Any CPU
		{0F2A2EA0-FE28-4630-A746-9838F52C28E6}.Debug|Any CPU.ActiveCfg = Debug|Any CPU
		{0F2A2EA0-FE28-4630-A746-9838F52C28E6}.Debug|Any CPU.Build.0 = Debug|Any CPU
		{0F2A2EA0-FE28-4630-A746-9838F52C28E6}.Release|Any CPU.ActiveCfg = Release|Any CPU
		{0F2A2EA0-FE28-4630-A746-9838F52C28E6}.Release|Any CPU.Build.0 = Release|Any CPU
		{951EE11B-4587-4925-BE69-10936993C85F}.Debug|Any CPU.ActiveCfg = Debug|Any CPU
		{951EE11B-4587-4925-BE69-10936993C85F}.Debug|Any CPU.Build.0 = Debug|Any CPU
		{951EE11B-4587-4925-BE69-10936993C85F}.Release|Any CPU.ActiveCfg = Release|Any CPU
		{951EE11B-4587-4925-BE69-10936993C85F}.Release|Any CPU.Build.0 = Release|Any CPU
		{9A54E436-AF6F-453E-A4C3-A70A362D39C6}.Debug|Any CPU.ActiveCfg = Debug|Any CPU
		{9A54E436-AF6F-453E-A4C3-A70A362D39C6}.Debug|Any CPU.Build.0 = Debug|Any CPU
		{9A54E436-AF6F-453E-A4C3-A70A362D39C6}.Release|Any CPU.ActiveCfg = Release|Any CPU
		{9A54E436-AF6F-453E-A4C3-A70A362D39C6}.Release|Any CPU.Build.0 = Release|Any CPU
		{4BE567E5-C815-42A8-A98C-772C2A69185F}.Debug|Any CPU.ActiveCfg = Debug|Any CPU
		{4BE567E5-C815-42A8-A98C-772C2A69185F}.Debug|Any CPU.Build.0 = Debug|Any CPU
		{4BE567E5-C815-42A8-A98C-772C2A69185F}.Release|Any CPU.ActiveCfg = Release|Any CPU
		{4BE567E5-C815-42A8-A98C-772C2A69185F}.Release|Any CPU.Build.0 = Release|Any CPU
		{495A6C43-5075-4399-BD29-173FAD412257}.Debug|Any CPU.ActiveCfg = Debug|Any CPU
		{495A6C43-5075-4399-BD29-173FAD412257}.Debug|Any CPU.Build.0 = Debug|Any CPU
		{495A6C43-5075-4399-BD29-173FAD412257}.Release|Any CPU.ActiveCfg = Release|Any CPU
		{495A6C43-5075-4399-BD29-173FAD412257}.Release|Any CPU.Build.0 = Release|Any CPU
		{8F9DFE0E-2928-47EA-9B52-596A1C102410}.Debug|Any CPU.ActiveCfg = Debug|Any CPU
		{8F9DFE0E-2928-47EA-9B52-596A1C102410}.Debug|Any CPU.Build.0 = Debug|Any CPU
		{8F9DFE0E-2928-47EA-9B52-596A1C102410}.Release|Any CPU.ActiveCfg = Release|Any CPU
		{8F9DFE0E-2928-47EA-9B52-596A1C102410}.Release|Any CPU.Build.0 = Release|Any CPU
		{F09A2456-2DB0-4301-846A-F6F9E61E3F44}.Debug|Any CPU.ActiveCfg = Debug|Any CPU
		{F09A2456-2DB0-4301-846A-F6F9E61E3F44}.Debug|Any CPU.Build.0 = Debug|Any CPU
		{F09A2456-2DB0-4301-846A-F6F9E61E3F44}.Release|Any CPU.ActiveCfg = Release|Any CPU
		{F09A2456-2DB0-4301-846A-F6F9E61E3F44}.Release|Any CPU.Build.0 = Release|Any CPU
	EndGlobalSection
	GlobalSection(SolutionProperties) = preSolution
		HideSolutionNode = FALSE
	EndGlobalSection
	GlobalSection(NestedProjects) = preSolution
		{523763CB-4B2D-4C4D-9A8C-D926BA682CA6} = {0C282C34-D888-4E91-8910-2E9D4805E94A}
		{68E02864-CD5A-456D-8639-209827C5F3B6} = {0C282C34-D888-4E91-8910-2E9D4805E94A}
		{A39FF568-FB46-494C-8808-EEA1AE61DFB6} = {0C282C34-D888-4E91-8910-2E9D4805E94A}
		{036A1628-948B-433A-90D5-3A234BCF6F6E} = {0C282C34-D888-4E91-8910-2E9D4805E94A}
		{E90C854D-9723-45C3-BE42-8DC0D7168FDC} = {D44204F9-7EFD-48EB-8DF9-EDED978EAA06}
		{EC89160F-DCB3-4483-9BE9-4C7D0E1BADB9} = {D44204F9-7EFD-48EB-8DF9-EDED978EAA06}
		{58DEB12B-3C12-4D4E-B40C-2A73BAAF972F} = {D44204F9-7EFD-48EB-8DF9-EDED978EAA06}
		{EFBE77DE-55AA-4BE6-BDE2-71E259262928} = {DA5A1EAE-FED1-4335-9880-6DF6E020C613}
		{1FED1A28-CF7D-4BD8-B64D-01D9F3885D78} = {DA5A1EAE-FED1-4335-9880-6DF6E020C613}
		{4FBE0C43-E4DF-4E6A-A93B-425093202EC7} = {DA5A1EAE-FED1-4335-9880-6DF6E020C613}
		{CA734084-CA5E-4D85-BD07-E1A8B97CD050} = {DA5A1EAE-FED1-4335-9880-6DF6E020C613}
		{EA608492-67DF-41E9-B017-617B4539AF8D} = {DA5A1EAE-FED1-4335-9880-6DF6E020C613}
		{3C42121A-421F-4900-ACB9-A7EE839F181E} = {DA5A1EAE-FED1-4335-9880-6DF6E020C613}
		{814C339D-13FA-4C27-9613-0D2A373370F9} = {C50EDFEB-4365-407B-BA19-AFB7E8E67AFF}
		{0F2A2EA0-FE28-4630-A746-9838F52C28E6} = {C50EDFEB-4365-407B-BA19-AFB7E8E67AFF}
		{951EE11B-4587-4925-BE69-10936993C85F} = {C50EDFEB-4365-407B-BA19-AFB7E8E67AFF}
		{9A54E436-AF6F-453E-A4C3-A70A362D39C6} = {C50EDFEB-4365-407B-BA19-AFB7E8E67AFF}
		{495A6C43-5075-4399-BD29-173FAD412257} = {AF023816-C67A-4C99-B31F-7EE9AF6979DF}
		{8F9DFE0E-2928-47EA-9B52-596A1C102410} = {AF023816-C67A-4C99-B31F-7EE9AF6979DF}
		{F09A2456-2DB0-4301-846A-F6F9E61E3F44} = {AF023816-C67A-4C99-B31F-7EE9AF6979DF}
	EndGlobalSection
	GlobalSection(ExtensibilityGlobals) = postSolution
		SolutionGuid = {BB9D521B-B9D4-4F52-AB62-97232547A701}
	EndGlobalSection
EndGlobal
