
Microsoft Visual Studio Solution File, Format Version 12.00
# Visual Studio Version 17
VisualStudioVersion = 17.3.32929.385
MinimumVisualStudioVersion = 10.0.40219.1
Project("{2150E333-8FDC-42A3-9474-1A3956D46DE8}") = "ITMO.CsharpWinForms.Lab01", "ITMO.CsharpWinForms.Lab01", "{FB5D5106-2796-40B7-833E-D4D6670E034D}"
EndProject
Project("{9A19103F-16F7-4668-BE54-9A1E7A4F7556}") = "ITMO.CsharpWinForms.Lab01.Exercise01", "ITMO.CsharpWinForms.Lab01\ITMO.CsharpWinForms.Lab01.Exercise01\ITMO.CsharpWinForms.Lab01.Exercise01.csproj", "{6A0FA553-C98D-4359-98CD-D52F15740B88}"
EndProject
Project("{9A19103F-16F7-4668-BE54-9A1E7A4F7556}") = "ITMO.CsharpWinForms.Lab01.Exercise02", "ITMO.CsharpWinForms.Lab01\ITMO.CsharpWinForms.Lab01.Exercise02\ITMO.CsharpWinForms.Lab01.Exercise02.csproj", "{3A97BF32-048C-4A88-B526-8B8BC3BB50EF}"
EndProject
Project("{9A19103F-16F7-4668-BE54-9A1E7A4F7556}") = "ITMO.CsharpWinForms.Lab01.Exercise03", "ITMO.CsharpWinForms.Lab01\ITMO.CsharpWinForms.Lab01.Exercise03\ITMO.CsharpWinForms.Lab01.Exercise03.csproj", "{3A342FFF-DFE0-4843-9139-C8906D0EACBF}"
EndProject
Project("{9A19103F-16F7-4668-BE54-9A1E7A4F7556}") = "ITMO.CsharpWinForms.Lab01.Exercise04", "ITMO.CsharpWinForms.Lab01\ITMO.CsharpWinForms.Lab01.Exercise04\ITMO.CsharpWinForms.Lab01.Exercise04.csproj", "{F95DAEFE-4130-4235-B9E3-186F838D379D}"
EndProject
Project("{9A19103F-16F7-4668-BE54-9A1E7A4F7556}") = "ITMO.CsharpWinForms.Lab01.Exercise05.Test01", "ITMO.CsharpWinForms.Lab01\ITMO.CsharpWinForms.Lab01.Exercise05.Test01\ITMO.CsharpWinForms.Lab01.Exercise05.Test01.csproj", "{33FCD705-37A8-47FD-A4D4-893B7CFA98EF}"
EndProject
Project("{9A19103F-16F7-4668-BE54-9A1E7A4F7556}") = "ITMO.CsharpWinForms.Lab01.Exercise05.Test02", "ITMO.CsharpWinForms.Lab01\ITMO.CsharpWinForms.Lab01.Exercise05.Test02\ITMO.CsharpWinForms.Lab01.Exercise05.Test02.csproj", "{D988F53E-3FC4-4379-BF23-0BAF122EB0D1}"
EndProject
Project("{9A19103F-16F7-4668-BE54-9A1E7A4F7556}") = "ITMO.CsharpWinForms.Lab01.Exercise05.Test03", "ITMO.CsharpWinForms.Lab01\ITMO.CsharpWinForms.Lab01.Exercise05.Test03\ITMO.CsharpWinForms.Lab01.Exercise05.Test03.csproj", "{41C19A96-5CB8-40DC-92DD-267CE0552A6E}"
EndProject
Project("{2150E333-8FDC-42A3-9474-1A3956D46DE8}") = "ITMO.CsharpWinForms.Lab02", "ITMO.CsharpWinForms.Lab02", "{21138E7B-8AD2-4F20-A26F-36F663F0B8D8}"
EndProject
Project("{9A19103F-16F7-4668-BE54-9A1E7A4F7556}") = "ITMO.CsharpWinForms.Lab02.Exercise01", "ITMO.CsharpWinForms.Lab02\ITMO.CsharpWinForms.Lab02.Exercise01\ITMO.CsharpWinForms.Lab02.Exercise01.csproj", "{96C5ABA3-C1E2-4795-9ED2-99BB057C1276}"
EndProject
Project("{9A19103F-16F7-4668-BE54-9A1E7A4F7556}") = "ITMO.CsharpWinForms.Lab02.Exercise02", "ITMO.CsharpWinForms.Lab02\ITMO.CsharpWinForms.Lab02.Exercise02\ITMO.CsharpWinForms.Lab02.Exercise02.csproj", "{F05459FD-0AEF-42D0-962C-5D4C2258EA1E}"
EndProject
Project("{9A19103F-16F7-4668-BE54-9A1E7A4F7556}") = "ITMO.CsharpWinForms.Lab02.Exercise03", "ITMO.CsharpWinForms.Lab02\ITMO.CsharpWinForms.Lab02.Exercise03\ITMO.CsharpWinForms.Lab02.Exercise03.csproj", "{29154C87-D812-4BA7-A1C1-C440D9E5FB36}"
EndProject
Project("{9A19103F-16F7-4668-BE54-9A1E7A4F7556}") = "ITMO.CsharpWinForms.Lab02.Exercise04", "ITMO.CsharpWinForms.Lab02\ITMO.CsharpWinForms.Lab02.Exercise04\ITMO.CsharpWinForms.Lab02.Exercise04.csproj", "{B49A3185-06B9-428F-9F0A-848F01B35642}"
EndProject
Project("{9A19103F-16F7-4668-BE54-9A1E7A4F7556}") = "ITMO.CsharpWinForms.Lab02.Exercise05", "ITMO.CsharpWinForms.Lab02\ITMO.CsharpWinForms.Lab02.Exercise05\ITMO.CsharpWinForms.Lab02.Exercise05.csproj", "{F8B0021D-63DB-4F49-8D5C-B72F3FBAD096}"
EndProject
Project("{9A19103F-16F7-4668-BE54-9A1E7A4F7556}") = "ITMO.CsharpWinForms.Lab02.Exercise06", "ITMO.CsharpWinForms.Lab02\ITMO.CsharpWinForms.Lab02.Exercise06\ITMO.CsharpWinForms.Lab02.Exercise06.csproj", "{FB04FDCE-F903-4DC5-A7A6-BE4340255E22}"
EndProject
Project("{9A19103F-16F7-4668-BE54-9A1E7A4F7556}") = "ITMO.CsharpWinForms.Lab02.Exercise07", "ITMO.CsharpWinForms.Lab02\ITMO.CsharpWinForms.Lab02.Exercise07\ITMO.CsharpWinForms.Lab02.Exercise07.csproj", "{A879C422-349F-48AE-BB33-D239A30CDF69}"
EndProject
Project("{9A19103F-16F7-4668-BE54-9A1E7A4F7556}") = "ITMO.CsharpWinForms.Lab02.Exercise08", "ITMO.CsharpWinForms.Lab02\ITMO.CsharpWinForms.Lab02.Exercise08\ITMO.CsharpWinForms.Lab02.Exercise08.csproj", "{966D893E-F476-48D3-8716-F541741B5906}"
EndProject
Project("{9A19103F-16F7-4668-BE54-9A1E7A4F7556}") = "ITMO.CsharpWinForms.Lab02.Exercise09", "ITMO.CsharpWinForms.Lab02\ITMO.CsharpWinForms.Lab02.Exercise09\ITMO.CsharpWinForms.Lab02.Exercise09.csproj", "{6AC4E8EC-B677-42D7-A504-2B727347B9A2}"
EndProject
Project("{2150E333-8FDC-42A3-9474-1A3956D46DE8}") = "ITMO.CsharpWinForms.Lab04", "ITMO.CsharpWinForms.Lab04", "{29DC89C4-0F37-4F8A-8693-9D3CE5277BA0}"
EndProject
Project("{9A19103F-16F7-4668-BE54-9A1E7A4F7556}") = "ITMO.CsharpWinForms.Lab04.Exercise01", "ITMO.CsharpWinForms.Lab04\ITMO.CsharpWinForms.Lab04.Exercise01\ITMO.CsharpWinForms.Lab04.Exercise01.csproj", "{0221B04B-667F-4042-A652-A72859BFC374}"
EndProject
Project("{9A19103F-16F7-4668-BE54-9A1E7A4F7556}") = "ITMO.CsharpWinForms.Lab04.Exercise02", "ITMO.CsharpWinForms.Lab04\ITMO.CsharpWinForms.Lab04.Exercise02\ITMO.CsharpWinForms.Lab04.Exercise02.csproj", "{0583FBE0-C24B-4291-8F84-F49FDC686089}"
EndProject
Project("{9A19103F-16F7-4668-BE54-9A1E7A4F7556}") = "ITMO.CsharpWinForms.Lab04.Exercise03", "ITMO.CsharpWinForms.Lab04\ITMO.CsharpWinForms.Lab04.Exercise03\ITMO.CsharpWinForms.Lab04.Exercise03.csproj", "{E9413A8E-C6DC-4841-894C-2BF19F27B659}"
EndProject
Project("{9A19103F-16F7-4668-BE54-9A1E7A4F7556}") = "ITMO.CsharpWinForms.Lab04.Exercise04", "ITMO.CsharpWinForms.Lab04\ITMO.CsharpWinForms.Lab04.Exercise04\ITMO.CsharpWinForms.Lab04.Exercise04.csproj", "{65385D55-711A-418C-9D57-1B48A9B1399C}"
EndProject
Project("{9A19103F-16F7-4668-BE54-9A1E7A4F7556}") = "ITMO.CsharpWinForms.Lab04.Exercise05", "ITMO.CsharpWinForms.Lab04\ITMO.CsharpWinForms.Lab04.Exercise05\ITMO.CsharpWinForms.Lab04.Exercise05.csproj", "{3737BA5D-ABDF-4690-99EE-5BAAEEB74B16}"
EndProject
Project("{2150E333-8FDC-42A3-9474-1A3956D46DE8}") = "ITMO.CsharpWinForms.Lab03", "ITMO.CsharpWinForms.Lab03", "{745163A0-2AB8-4F21-87D1-62174F168D6F}"
EndProject
Project("{FAE04EC0-301F-11D3-BF4B-00C04F79EFBC}") = "ITMO.CsharpWinForms.Lab03.Exercise01", "ITMO.CsharpWinForms.Lab03\ITMO.CsharpWinForms.Lab03.Exercise01\ITMO.CsharpWinForms.Lab03.Exercise01.csproj", "{78C50B63-5D15-4CDD-B869-EBB2C34808D2}"
EndProject
Project("{FAE04EC0-301F-11D3-BF4B-00C04F79EFBC}") = "ITMO.CsharpWinForms.Lab03.Exercise02", "ITMO.CsharpWinForms.Lab03\ITMO.CsharpWinForms.Lab03.Exercise02\ITMO.CsharpWinForms.Lab03.Exercise02.csproj", "{6A6DF3A2-C097-4F00-88F8-C56AEF17E23A}"
EndProject
Global
	GlobalSection(SolutionConfigurationPlatforms) = preSolution
		Debug|Any CPU = Debug|Any CPU
		Release|Any CPU = Release|Any CPU
	EndGlobalSection
	GlobalSection(ProjectConfigurationPlatforms) = postSolution
		{6A0FA553-C98D-4359-98CD-D52F15740B88}.Debug|Any CPU.ActiveCfg = Debug|Any CPU
		{6A0FA553-C98D-4359-98CD-D52F15740B88}.Debug|Any CPU.Build.0 = Debug|Any CPU
		{6A0FA553-C98D-4359-98CD-D52F15740B88}.Release|Any CPU.ActiveCfg = Release|Any CPU
		{6A0FA553-C98D-4359-98CD-D52F15740B88}.Release|Any CPU.Build.0 = Release|Any CPU
		{3A97BF32-048C-4A88-B526-8B8BC3BB50EF}.Debug|Any CPU.ActiveCfg = Debug|Any CPU
		{3A97BF32-048C-4A88-B526-8B8BC3BB50EF}.Debug|Any CPU.Build.0 = Debug|Any CPU
		{3A97BF32-048C-4A88-B526-8B8BC3BB50EF}.Release|Any CPU.ActiveCfg = Release|Any CPU
		{3A97BF32-048C-4A88-B526-8B8BC3BB50EF}.Release|Any CPU.Build.0 = Release|Any CPU
		{3A342FFF-DFE0-4843-9139-C8906D0EACBF}.Debug|Any CPU.ActiveCfg = Debug|Any CPU
		{3A342FFF-DFE0-4843-9139-C8906D0EACBF}.Debug|Any CPU.Build.0 = Debug|Any CPU
		{3A342FFF-DFE0-4843-9139-C8906D0EACBF}.Release|Any CPU.ActiveCfg = Release|Any CPU
		{3A342FFF-DFE0-4843-9139-C8906D0EACBF}.Release|Any CPU.Build.0 = Release|Any CPU
		{F95DAEFE-4130-4235-B9E3-186F838D379D}.Debug|Any CPU.ActiveCfg = Debug|Any CPU
		{F95DAEFE-4130-4235-B9E3-186F838D379D}.Debug|Any CPU.Build.0 = Debug|Any CPU
		{F95DAEFE-4130-4235-B9E3-186F838D379D}.Release|Any CPU.ActiveCfg = Release|Any CPU
		{F95DAEFE-4130-4235-B9E3-186F838D379D}.Release|Any CPU.Build.0 = Release|Any CPU
		{33FCD705-37A8-47FD-A4D4-893B7CFA98EF}.Debug|Any CPU.ActiveCfg = Debug|Any CPU
		{33FCD705-37A8-47FD-A4D4-893B7CFA98EF}.Debug|Any CPU.Build.0 = Debug|Any CPU
		{33FCD705-37A8-47FD-A4D4-893B7CFA98EF}.Release|Any CPU.ActiveCfg = Release|Any CPU
		{33FCD705-37A8-47FD-A4D4-893B7CFA98EF}.Release|Any CPU.Build.0 = Release|Any CPU
		{D988F53E-3FC4-4379-BF23-0BAF122EB0D1}.Debug|Any CPU.ActiveCfg = Debug|Any CPU
		{D988F53E-3FC4-4379-BF23-0BAF122EB0D1}.Debug|Any CPU.Build.0 = Debug|Any CPU
		{D988F53E-3FC4-4379-BF23-0BAF122EB0D1}.Release|Any CPU.ActiveCfg = Release|Any CPU
		{D988F53E-3FC4-4379-BF23-0BAF122EB0D1}.Release|Any CPU.Build.0 = Release|Any CPU
		{41C19A96-5CB8-40DC-92DD-267CE0552A6E}.Debug|Any CPU.ActiveCfg = Debug|Any CPU
		{41C19A96-5CB8-40DC-92DD-267CE0552A6E}.Debug|Any CPU.Build.0 = Debug|Any CPU
		{41C19A96-5CB8-40DC-92DD-267CE0552A6E}.Release|Any CPU.ActiveCfg = Release|Any CPU
		{41C19A96-5CB8-40DC-92DD-267CE0552A6E}.Release|Any CPU.Build.0 = Release|Any CPU
		{96C5ABA3-C1E2-4795-9ED2-99BB057C1276}.Debug|Any CPU.ActiveCfg = Debug|Any CPU
		{96C5ABA3-C1E2-4795-9ED2-99BB057C1276}.Debug|Any CPU.Build.0 = Debug|Any CPU
		{96C5ABA3-C1E2-4795-9ED2-99BB057C1276}.Release|Any CPU.ActiveCfg = Release|Any CPU
		{96C5ABA3-C1E2-4795-9ED2-99BB057C1276}.Release|Any CPU.Build.0 = Release|Any CPU
		{F05459FD-0AEF-42D0-962C-5D4C2258EA1E}.Debug|Any CPU.ActiveCfg = Debug|Any CPU
		{F05459FD-0AEF-42D0-962C-5D4C2258EA1E}.Debug|Any CPU.Build.0 = Debug|Any CPU
		{F05459FD-0AEF-42D0-962C-5D4C2258EA1E}.Release|Any CPU.ActiveCfg = Release|Any CPU
		{F05459FD-0AEF-42D0-962C-5D4C2258EA1E}.Release|Any CPU.Build.0 = Release|Any CPU
		{29154C87-D812-4BA7-A1C1-C440D9E5FB36}.Debug|Any CPU.ActiveCfg = Debug|Any CPU
		{29154C87-D812-4BA7-A1C1-C440D9E5FB36}.Debug|Any CPU.Build.0 = Debug|Any CPU
		{29154C87-D812-4BA7-A1C1-C440D9E5FB36}.Release|Any CPU.ActiveCfg = Release|Any CPU
		{29154C87-D812-4BA7-A1C1-C440D9E5FB36}.Release|Any CPU.Build.0 = Release|Any CPU
		{B49A3185-06B9-428F-9F0A-848F01B35642}.Debug|Any CPU.ActiveCfg = Debug|Any CPU
		{B49A3185-06B9-428F-9F0A-848F01B35642}.Debug|Any CPU.Build.0 = Debug|Any CPU
		{B49A3185-06B9-428F-9F0A-848F01B35642}.Release|Any CPU.ActiveCfg = Release|Any CPU
		{B49A3185-06B9-428F-9F0A-848F01B35642}.Release|Any CPU.Build.0 = Release|Any CPU
		{F8B0021D-63DB-4F49-8D5C-B72F3FBAD096}.Debug|Any CPU.ActiveCfg = Debug|Any CPU
		{F8B0021D-63DB-4F49-8D5C-B72F3FBAD096}.Debug|Any CPU.Build.0 = Debug|Any CPU
		{F8B0021D-63DB-4F49-8D5C-B72F3FBAD096}.Release|Any CPU.ActiveCfg = Release|Any CPU
		{F8B0021D-63DB-4F49-8D5C-B72F3FBAD096}.Release|Any CPU.Build.0 = Release|Any CPU
		{FB04FDCE-F903-4DC5-A7A6-BE4340255E22}.Debug|Any CPU.ActiveCfg = Debug|Any CPU
		{FB04FDCE-F903-4DC5-A7A6-BE4340255E22}.Debug|Any CPU.Build.0 = Debug|Any CPU
		{FB04FDCE-F903-4DC5-A7A6-BE4340255E22}.Release|Any CPU.ActiveCfg = Release|Any CPU
		{FB04FDCE-F903-4DC5-A7A6-BE4340255E22}.Release|Any CPU.Build.0 = Release|Any CPU
		{A879C422-349F-48AE-BB33-D239A30CDF69}.Debug|Any CPU.ActiveCfg = Debug|Any CPU
		{A879C422-349F-48AE-BB33-D239A30CDF69}.Debug|Any CPU.Build.0 = Debug|Any CPU
		{A879C422-349F-48AE-BB33-D239A30CDF69}.Release|Any CPU.ActiveCfg = Release|Any CPU
		{A879C422-349F-48AE-BB33-D239A30CDF69}.Release|Any CPU.Build.0 = Release|Any CPU
		{966D893E-F476-48D3-8716-F541741B5906}.Debug|Any CPU.ActiveCfg = Debug|Any CPU
		{966D893E-F476-48D3-8716-F541741B5906}.Debug|Any CPU.Build.0 = Debug|Any CPU
		{966D893E-F476-48D3-8716-F541741B5906}.Release|Any CPU.ActiveCfg = Release|Any CPU
		{966D893E-F476-48D3-8716-F541741B5906}.Release|Any CPU.Build.0 = Release|Any CPU
		{6AC4E8EC-B677-42D7-A504-2B727347B9A2}.Debug|Any CPU.ActiveCfg = Debug|Any CPU
		{6AC4E8EC-B677-42D7-A504-2B727347B9A2}.Debug|Any CPU.Build.0 = Debug|Any CPU
		{6AC4E8EC-B677-42D7-A504-2B727347B9A2}.Release|Any CPU.ActiveCfg = Release|Any CPU
		{6AC4E8EC-B677-42D7-A504-2B727347B9A2}.Release|Any CPU.Build.0 = Release|Any CPU
		{0221B04B-667F-4042-A652-A72859BFC374}.Debug|Any CPU.ActiveCfg = Debug|Any CPU
		{0221B04B-667F-4042-A652-A72859BFC374}.Debug|Any CPU.Build.0 = Debug|Any CPU
		{0221B04B-667F-4042-A652-A72859BFC374}.Release|Any CPU.ActiveCfg = Release|Any CPU
		{0221B04B-667F-4042-A652-A72859BFC374}.Release|Any CPU.Build.0 = Release|Any CPU
		{0583FBE0-C24B-4291-8F84-F49FDC686089}.Debug|Any CPU.ActiveCfg = Debug|Any CPU
		{0583FBE0-C24B-4291-8F84-F49FDC686089}.Debug|Any CPU.Build.0 = Debug|Any CPU
		{0583FBE0-C24B-4291-8F84-F49FDC686089}.Release|Any CPU.ActiveCfg = Release|Any CPU
		{0583FBE0-C24B-4291-8F84-F49FDC686089}.Release|Any CPU.Build.0 = Release|Any CPU
		{E9413A8E-C6DC-4841-894C-2BF19F27B659}.Debug|Any CPU.ActiveCfg = Debug|Any CPU
		{E9413A8E-C6DC-4841-894C-2BF19F27B659}.Debug|Any CPU.Build.0 = Debug|Any CPU
		{E9413A8E-C6DC-4841-894C-2BF19F27B659}.Release|Any CPU.ActiveCfg = Release|Any CPU
		{E9413A8E-C6DC-4841-894C-2BF19F27B659}.Release|Any CPU.Build.0 = Release|Any CPU
		{65385D55-711A-418C-9D57-1B48A9B1399C}.Debug|Any CPU.ActiveCfg = Debug|Any CPU
		{65385D55-711A-418C-9D57-1B48A9B1399C}.Debug|Any CPU.Build.0 = Debug|Any CPU
		{65385D55-711A-418C-9D57-1B48A9B1399C}.Release|Any CPU.ActiveCfg = Release|Any CPU
		{65385D55-711A-418C-9D57-1B48A9B1399C}.Release|Any CPU.Build.0 = Release|Any CPU
		{3737BA5D-ABDF-4690-99EE-5BAAEEB74B16}.Debug|Any CPU.ActiveCfg = Debug|Any CPU
		{3737BA5D-ABDF-4690-99EE-5BAAEEB74B16}.Debug|Any CPU.Build.0 = Debug|Any CPU
		{3737BA5D-ABDF-4690-99EE-5BAAEEB74B16}.Release|Any CPU.ActiveCfg = Release|Any CPU
		{3737BA5D-ABDF-4690-99EE-5BAAEEB74B16}.Release|Any CPU.Build.0 = Release|Any CPU
		{78C50B63-5D15-4CDD-B869-EBB2C34808D2}.Debug|Any CPU.ActiveCfg = Debug|Any CPU
		{78C50B63-5D15-4CDD-B869-EBB2C34808D2}.Debug|Any CPU.Build.0 = Debug|Any CPU
		{78C50B63-5D15-4CDD-B869-EBB2C34808D2}.Release|Any CPU.ActiveCfg = Release|Any CPU
		{78C50B63-5D15-4CDD-B869-EBB2C34808D2}.Release|Any CPU.Build.0 = Release|Any CPU
		{6A6DF3A2-C097-4F00-88F8-C56AEF17E23A}.Debug|Any CPU.ActiveCfg = Debug|Any CPU
		{6A6DF3A2-C097-4F00-88F8-C56AEF17E23A}.Debug|Any CPU.Build.0 = Debug|Any CPU
		{6A6DF3A2-C097-4F00-88F8-C56AEF17E23A}.Release|Any CPU.ActiveCfg = Release|Any CPU
		{6A6DF3A2-C097-4F00-88F8-C56AEF17E23A}.Release|Any CPU.Build.0 = Release|Any CPU
	EndGlobalSection
	GlobalSection(SolutionProperties) = preSolution
		HideSolutionNode = FALSE
	EndGlobalSection
	GlobalSection(NestedProjects) = preSolution
		{6A0FA553-C98D-4359-98CD-D52F15740B88} = {FB5D5106-2796-40B7-833E-D4D6670E034D}
		{3A97BF32-048C-4A88-B526-8B8BC3BB50EF} = {FB5D5106-2796-40B7-833E-D4D6670E034D}
		{3A342FFF-DFE0-4843-9139-C8906D0EACBF} = {FB5D5106-2796-40B7-833E-D4D6670E034D}
		{F95DAEFE-4130-4235-B9E3-186F838D379D} = {FB5D5106-2796-40B7-833E-D4D6670E034D}
		{33FCD705-37A8-47FD-A4D4-893B7CFA98EF} = {FB5D5106-2796-40B7-833E-D4D6670E034D}
		{D988F53E-3FC4-4379-BF23-0BAF122EB0D1} = {FB5D5106-2796-40B7-833E-D4D6670E034D}
		{41C19A96-5CB8-40DC-92DD-267CE0552A6E} = {FB5D5106-2796-40B7-833E-D4D6670E034D}
		{96C5ABA3-C1E2-4795-9ED2-99BB057C1276} = {21138E7B-8AD2-4F20-A26F-36F663F0B8D8}
		{F05459FD-0AEF-42D0-962C-5D4C2258EA1E} = {21138E7B-8AD2-4F20-A26F-36F663F0B8D8}
		{29154C87-D812-4BA7-A1C1-C440D9E5FB36} = {21138E7B-8AD2-4F20-A26F-36F663F0B8D8}
		{B49A3185-06B9-428F-9F0A-848F01B35642} = {21138E7B-8AD2-4F20-A26F-36F663F0B8D8}
		{F8B0021D-63DB-4F49-8D5C-B72F3FBAD096} = {21138E7B-8AD2-4F20-A26F-36F663F0B8D8}
		{FB04FDCE-F903-4DC5-A7A6-BE4340255E22} = {21138E7B-8AD2-4F20-A26F-36F663F0B8D8}
		{A879C422-349F-48AE-BB33-D239A30CDF69} = {21138E7B-8AD2-4F20-A26F-36F663F0B8D8}
		{966D893E-F476-48D3-8716-F541741B5906} = {21138E7B-8AD2-4F20-A26F-36F663F0B8D8}
		{6AC4E8EC-B677-42D7-A504-2B727347B9A2} = {21138E7B-8AD2-4F20-A26F-36F663F0B8D8}
		{0221B04B-667F-4042-A652-A72859BFC374} = {29DC89C4-0F37-4F8A-8693-9D3CE5277BA0}
		{0583FBE0-C24B-4291-8F84-F49FDC686089} = {29DC89C4-0F37-4F8A-8693-9D3CE5277BA0}
		{E9413A8E-C6DC-4841-894C-2BF19F27B659} = {29DC89C4-0F37-4F8A-8693-9D3CE5277BA0}
		{65385D55-711A-418C-9D57-1B48A9B1399C} = {29DC89C4-0F37-4F8A-8693-9D3CE5277BA0}
		{3737BA5D-ABDF-4690-99EE-5BAAEEB74B16} = {29DC89C4-0F37-4F8A-8693-9D3CE5277BA0}
		{78C50B63-5D15-4CDD-B869-EBB2C34808D2} = {745163A0-2AB8-4F21-87D1-62174F168D6F}
		{6A6DF3A2-C097-4F00-88F8-C56AEF17E23A} = {745163A0-2AB8-4F21-87D1-62174F168D6F}
	EndGlobalSection
	GlobalSection(ExtensibilityGlobals) = postSolution
		SolutionGuid = {A6B64B74-4A53-4DF7-B7AD-7E85B691D09E}
	EndGlobalSection
EndGlobal
