
Microsoft Visual Studio Solution File, Format Version 12.00
# Visual Studio Version 17
VisualStudioVersion = 17.3.32929.385
MinimumVisualStudioVersion = 10.0.40219.1
Project("{2150E333-8FDC-42A3-9474-1A3956D46DE8}") = "ITMO.CsharpWinForms.Lab01", "ITMO.CsharpWinForms.Lab01", "{FB5D5106-2796-40B7-833E-D4D6670E034D}"
EndProject
Project("{9A19103F-16F7-4668-BE54-9A1E7A4F7556}") = "ITMO.CsharpWinForms.Lab01.Exercise01", "ITMO.CsharpWinForms.Lab01\ITMO.CsharpWinForms.Lab01.Exercise01\ITMO.CsharpWinForms.Lab01.Exercise01.csproj", "{6A0FA553-C98D-4359-98CD-D52F15740B88}"
EndProject
Project("{FAE04EC0-301F-11D3-BF4B-00C04F79EFBC}") = "ITMO.CsharpWinForms.Lab01.Exercise02", "ITMO.CsharpWinForms.Lab01\ITMO.CsharpWinForms.Lab01.Exercise02\ITMO.CsharpWinForms.Lab01.Exercise02.csproj", "{3A97BF32-048C-4A88-B526-8B8BC3BB50EF}"
EndProject
Project("{FAE04EC0-301F-11D3-BF4B-00C04F79EFBC}") = "ITMO.CsharpWinForms.Lab01.Exercise03", "ITMO.CsharpWinForms.Lab01\ITMO.CsharpWinForms.Lab01.Exercise03\ITMO.CsharpWinForms.Lab01.Exercise03.csproj", "{3A342FFF-DFE0-4843-9139-C8906D0EACBF}"
EndProject
Project("{FAE04EC0-301F-11D3-BF4B-00C04F79EFBC}") = "ITMO.CsharpWinForms.Lab01.Exercise04", "ITMO.CsharpWinForms.Lab01\ITMO.CsharpWinForms.Lab01.Exercise04\ITMO.CsharpWinForms.Lab01.Exercise04.csproj", "{F95DAEFE-4130-4235-B9E3-186F838D379D}"
EndProject
Project("{FAE04EC0-301F-11D3-BF4B-00C04F79EFBC}") = "ITMO.CsharpWinForms.Lab01.Exercise05.Test01", "ITMO.CsharpWinForms.Lab01\ITMO.CsharpWinForms.Lab01.Exercise05.Test01\ITMO.CsharpWinForms.Lab01.Exercise05.Test01.csproj", "{33FCD705-37A8-47FD-A4D4-893B7CFA98EF}"
EndProject
Project("{FAE04EC0-301F-11D3-BF4B-00C04F79EFBC}") = "ITMO.CsharpWinForms.Lab01.Exercise05.Test02", "ITMO.CsharpWinForms.Lab01\ITMO.CsharpWinForms.Lab01.Exercise05.Test02\ITMO.CsharpWinForms.Lab01.Exercise05.Test02.csproj", "{D988F53E-3FC4-4379-BF23-0BAF122EB0D1}"
EndProject
Project("{FAE04EC0-301F-11D3-BF4B-00C04F79EFBC}") = "ITMO.CsharpWinForms.Lab01.Exercise05.Test03", "ITMO.CsharpWinForms.Lab01\ITMO.CsharpWinForms.Lab01.Exercise05.Test03\ITMO.CsharpWinForms.Lab01.Exercise05.Test03.csproj", "{41C19A96-5CB8-40DC-92DD-267CE0552A6E}"
EndProject
Global
	GlobalSection(SolutionConfigurationPlatforms) = preSolution
		Debug|Any CPU = Debug|Any CPU
		Release|Any CPU = Release|Any CPU
	EndGlobalSection
	GlobalSection(ProjectConfigurationPlatforms) = postSolution
		{6A0FA553-C98D-4359-98CD-D52F15740B88}.Debug|Any CPU.ActiveCfg = Debug|Any CPU
		{6A0FA553-C98D-4359-98CD-D52F15740B88}.Debug|Any CPU.Build.0 = Debug|Any CPU
		{6A0FA553-C98D-4359-98CD-D52F15740B88}.Release|Any CPU.ActiveCfg = Release|Any CPU
		{6A0FA553-C98D-4359-98CD-D52F15740B88}.Release|Any CPU.Build.0 = Release|Any CPU
		{3A97BF32-048C-4A88-B526-8B8BC3BB50EF}.Debug|Any CPU.ActiveCfg = Debug|Any CPU
		{3A97BF32-048C-4A88-B526-8B8BC3BB50EF}.Debug|Any CPU.Build.0 = Debug|Any CPU
		{3A97BF32-048C-4A88-B526-8B8BC3BB50EF}.Release|Any CPU.ActiveCfg = Release|Any CPU
		{3A97BF32-048C-4A88-B526-8B8BC3BB50EF}.Release|Any CPU.Build.0 = Release|Any CPU
		{3A342FFF-DFE0-4843-9139-C8906D0EACBF}.Debug|Any CPU.ActiveCfg = Debug|Any CPU
		{3A342FFF-DFE0-4843-9139-C8906D0EACBF}.Debug|Any CPU.Build.0 = Debug|Any CPU
		{3A342FFF-DFE0-4843-9139-C8906D0EACBF}.Release|Any CPU.ActiveCfg = Release|Any CPU
		{3A342FFF-DFE0-4843-9139-C8906D0EACBF}.Release|Any CPU.Build.0 = Release|Any CPU
		{F95DAEFE-4130-4235-B9E3-186F838D379D}.Debug|Any CPU.ActiveCfg = Debug|Any CPU
		{F95DAEFE-4130-4235-B9E3-186F838D379D}.Debug|Any CPU.Build.0 = Debug|Any CPU
		{F95DAEFE-4130-4235-B9E3-186F838D379D}.Release|Any CPU.ActiveCfg = Release|Any CPU
		{F95DAEFE-4130-4235-B9E3-186F838D379D}.Release|Any CPU.Build.0 = Release|Any CPU
		{33FCD705-37A8-47FD-A4D4-893B7CFA98EF}.Debug|Any CPU.ActiveCfg = Debug|Any CPU
		{33FCD705-37A8-47FD-A4D4-893B7CFA98EF}.Debug|Any CPU.Build.0 = Debug|Any CPU
		{33FCD705-37A8-47FD-A4D4-893B7CFA98EF}.Release|Any CPU.ActiveCfg = Release|Any CPU
		{33FCD705-37A8-47FD-A4D4-893B7CFA98EF}.Release|Any CPU.Build.0 = Release|Any CPU
		{D988F53E-3FC4-4379-BF23-0BAF122EB0D1}.Debug|Any CPU.ActiveCfg = Debug|Any CPU
		{D988F53E-3FC4-4379-BF23-0BAF122EB0D1}.Debug|Any CPU.Build.0 = Debug|Any CPU
		{D988F53E-3FC4-4379-BF23-0BAF122EB0D1}.Release|Any CPU.ActiveCfg = Release|Any CPU
		{D988F53E-3FC4-4379-BF23-0BAF122EB0D1}.Release|Any CPU.Build.0 = Release|Any CPU
		{41C19A96-5CB8-40DC-92DD-267CE0552A6E}.Debug|Any CPU.ActiveCfg = Debug|Any CPU
		{41C19A96-5CB8-40DC-92DD-267CE0552A6E}.Debug|Any CPU.Build.0 = Debug|Any CPU
		{41C19A96-5CB8-40DC-92DD-267CE0552A6E}.Release|Any CPU.ActiveCfg = Release|Any CPU
		{41C19A96-5CB8-40DC-92DD-267CE0552A6E}.Release|Any CPU.Build.0 = Release|Any CPU
	EndGlobalSection
	GlobalSection(SolutionProperties) = preSolution
		HideSolutionNode = FALSE
	EndGlobalSection
	GlobalSection(NestedProjects) = preSolution
		{6A0FA553-C98D-4359-98CD-D52F15740B88} = {FB5D5106-2796-40B7-833E-D4D6670E034D}
		{3A97BF32-048C-4A88-B526-8B8BC3BB50EF} = {FB5D5106-2796-40B7-833E-D4D6670E034D}
		{3A342FFF-DFE0-4843-9139-C8906D0EACBF} = {FB5D5106-2796-40B7-833E-D4D6670E034D}
		{F95DAEFE-4130-4235-B9E3-186F838D379D} = {FB5D5106-2796-40B7-833E-D4D6670E034D}
		{33FCD705-37A8-47FD-A4D4-893B7CFA98EF} = {FB5D5106-2796-40B7-833E-D4D6670E034D}
		{D988F53E-3FC4-4379-BF23-0BAF122EB0D1} = {FB5D5106-2796-40B7-833E-D4D6670E034D}
		{41C19A96-5CB8-40DC-92DD-267CE0552A6E} = {FB5D5106-2796-40B7-833E-D4D6670E034D}
	EndGlobalSection
	GlobalSection(ExtensibilityGlobals) = postSolution
		SolutionGuid = {A6B64B74-4A53-4DF7-B7AD-7E85B691D09E}
	EndGlobalSection
EndGlobal
