
Microsoft Visual Studio Solution File, Format Version 12.00
# Visual Studio Version 17
VisualStudioVersion = 17.3.32929.385
MinimumVisualStudioVersion = 10.0.40219.1
Project("{2150E333-8FDC-42A3-9474-1A3956D46DE8}") = "ITMO.CsharpConsoleApp.Lab01", "ITMO.CsharpConsoleApp.Lab01", "{6ECC5716-02AD-44B1-8C4F-C1F86B50B197}"
EndProject
Project("{2150E333-8FDC-42A3-9474-1A3956D46DE8}") = "ITMO.CsharpConsoleApp.Lab02", "ITMO.CsharpConsoleApp.Lab02", "{3ED5916E-2ADC-4B65-A095-3FDEF129D104}"
EndProject
Project("{2150E333-8FDC-42A3-9474-1A3956D46DE8}") = "ITMO.CsharpConsoleApp.Lab03", "ITMO.CsharpConsoleApp.Lab03", "{6D07705A-E9F0-487E-B056-A6988947B1CB}"
EndProject
Project("{2150E333-8FDC-42A3-9474-1A3956D46DE8}") = "ITMO.CsharpConsoleApp.Lab04", "ITMO.CsharpConsoleApp.Lab04", "{DB0F7282-5F73-4C99-853D-B7C0C7F2A352}"
EndProject
Project("{2150E333-8FDC-42A3-9474-1A3956D46DE8}") = "ITMO.CsharpConsoleApp.Lab09", "ITMO.CsharpConsoleApp.Lab09", "{2AF63853-1FB6-48CD-90C6-97F05B317A58}"
EndProject
Project("{2150E333-8FDC-42A3-9474-1A3956D46DE8}") = "ITMO.CsharpConsoleApp.Lab10", "ITMO.CsharpConsoleApp.Lab10", "{13D487E4-41AE-4CED-BA14-9D8E2D93427A}"
EndProject
Project("{2150E333-8FDC-42A3-9474-1A3956D46DE8}") = "ITMO.CsharpConsoleApp.Lab05", "ITMO.CsharpConsoleApp.Lab05", "{0F231D81-2F30-406D-90CA-8A0C43CC0B02}"
EndProject
Project("{2150E333-8FDC-42A3-9474-1A3956D46DE8}") = "ITMO.CsharpConsoleApp.Lab06", "ITMO.CsharpConsoleApp.Lab06", "{387BEB71-9078-493E-940D-6982E44DE8C9}"
EndProject
Project("{2150E333-8FDC-42A3-9474-1A3956D46DE8}") = "ITMO.CsharpConsoleApp.Lab07", "ITMO.CsharpConsoleApp.Lab07", "{331E655F-BE08-40EE-804E-11B9737A0040}"
EndProject
Project("{2150E333-8FDC-42A3-9474-1A3956D46DE8}") = "ITMO.CsharpConsoleApp.Lab08", "ITMO.CsharpConsoleApp.Lab08", "{ED0E2CA5-6CE4-4A52-A7B8-92A9E871A135}"
EndProject
Project("{2150E333-8FDC-42A3-9474-1A3956D46DE8}") = "ITMO.CsharpConsoleApp.Lab12", "ITMO.CsharpConsoleApp.Lab12", "{824C68D0-BB56-4FD4-8B59-4D39D6313915}"
EndProject
Project("{FAE04EC0-301F-11D3-BF4B-00C04F79EFBC}") = "ITMO.CsharpConsoleApp.Lab01.Exercise01", "ITMO.CsharpConsoleApp.Lab01\ITMO.CsharpConsoleApp.Lab01.Exercise01\ITMO.CsharpConsoleApp.Lab01.Exercise01.csproj", "{3498B8B4-4045-48B3-9F6E-D5291B45A44A}"
EndProject
Project("{FAE04EC0-301F-11D3-BF4B-00C04F79EFBC}") = "ITMO.CsharpConsoleApp.Lab01.Exercise03", "ITMO.CsharpConsoleApp.Lab01\ITMO.CsharpConsoleApp.Lab01.Exercise03\ITMO.CsharpConsoleApp.Lab01.Exercise03.csproj", "{81C83CF6-689B-42CB-BB86-8D602E589EDC}"
EndProject
Project("{FAE04EC0-301F-11D3-BF4B-00C04F79EFBC}") = "ITMO.CsharpConsoleApp.Lab02.Exercise01", "ITMO.CsharpConsoleApp.Lab02\ITMO.CsharpConsoleApp.Lab02.Exercise01\ITMO.CsharpConsoleApp.Lab02.Exercise01.csproj", "{520995CC-7B8D-4FE5-9ED8-817565EA6BEB}"
EndProject
Project("{FAE04EC0-301F-11D3-BF4B-00C04F79EFBC}") = "ITMO.CsharpConsoleApp.Lab02.Exercise02", "ITMO.CsharpConsoleApp.Lab02\ITMO.CsharpConsoleApp.Lab02.Exercise02\ITMO.CsharpConsoleApp.Lab02.Exercise02.csproj", "{5F471A08-AC9A-496C-AB54-CBB91303F587}"
EndProject
Project("{FAE04EC0-301F-11D3-BF4B-00C04F79EFBC}") = "ITMO.CsharpConsoleApp.Lab02.Exercise03", "ITMO.CsharpConsoleApp.Lab02\ITMO.CsharpConsoleApp.Lab02.Exercise03\ITMO.CsharpConsoleApp.Lab02.Exercise03.csproj", "{FF501693-2FC5-4144-A262-2B775046E11D}"
EndProject
Project("{FAE04EC0-301F-11D3-BF4B-00C04F79EFBC}") = "ITMO.CsharpConsoleApp.Lab03.Exercise01", "ITMO.CsharpConsoleApp.Lab03\ITMO.CsharpConsoleApp.Lab03.Exercise01\ITMO.CsharpConsoleApp.Lab03.Exercise01.csproj", "{4C45763E-1C9F-4F41-B42D-F5CC0C0F4F86}"
EndProject
Project("{FAE04EC0-301F-11D3-BF4B-00C04F79EFBC}") = "ITMO.CsharpConsoleApp.Lab03.Exercise02", "ITMO.CsharpConsoleApp.Lab03\ITMO.CsharpConsoleApp.Lab03.Exercise02\ITMO.CsharpConsoleApp.Lab03.Exercise02.csproj", "{AD41B595-9A9D-44C2-B7BE-BF5BDDFA48DB}"
EndProject
Project("{FAE04EC0-301F-11D3-BF4B-00C04F79EFBC}") = "ITMO.CsharpConsoleApp.Lab04.Exercise01", "ITMO.CsharpConsoleApp.Lab04\ITMO.CsharpConsoleApp.Lab04.Exercise01\ITMO.CsharpConsoleApp.Lab04.Exercise01.csproj", "{4F7F871E-B446-498E-A2FD-60FC0E513E97}"
EndProject
Project("{FAE04EC0-301F-11D3-BF4B-00C04F79EFBC}") = "ITMO.CsharpConsoleApp.Lab04.Exercise02", "ITMO.CsharpConsoleApp.Lab04\ITMO.CsharpConsoleApp.Lab04.Exercise02\ITMO.CsharpConsoleApp.Lab04.Exercise02.csproj", "{42CAE984-5CB9-4B47-9086-22545C5553E4}"
EndProject
Project("{FAE04EC0-301F-11D3-BF4B-00C04F79EFBC}") = "ITMO.CsharpConsoleApp.Lab04.Exercise03", "ITMO.CsharpConsoleApp.Lab04\ITMO.CsharpConsoleApp.Lab04.Exercise03\ITMO.CsharpConsoleApp.Lab04.Exercise03.csproj", "{DBCD996E-2B1E-48E1-AC87-C36763D36F29}"
EndProject
Project("{FAE04EC0-301F-11D3-BF4B-00C04F79EFBC}") = "ITMO.CsharpConsoleApp.Lab05.Exercise01", "ITMO.CsharpConsoleApp.Lab05\ITMO.CsharpConsoleApp.Lab05.Exercise01\ITMO.CsharpConsoleApp.Lab05.Exercise01.csproj", "{5B60A309-2B9A-46AC-9532-7567FCE689C9}"
EndProject
Project("{FAE04EC0-301F-11D3-BF4B-00C04F79EFBC}") = "ITMO.CsharpConsoleApp.Lab06.Exercise01", "ITMO.CsharpConsoleApp.Lab06\ITMO.CsharpConsoleApp.Lab06.Exercise01\ITMO.CsharpConsoleApp.Lab06.Exercise01.csproj", "{CB93F560-A454-4FAE-B51E-E9E1EFB5182D}"
EndProject
Project("{FAE04EC0-301F-11D3-BF4B-00C04F79EFBC}") = "ITMO.CsharpConsoleApp.Lab06.Exercise02", "ITMO.CsharpConsoleApp.Lab06\ITMO.CsharpConsoleApp.Lab06.Exercise02\ITMO.CsharpConsoleApp.Lab06.Exercise02.csproj", "{4C0DA1C8-7BFC-4A79-9FAB-702C8520F3FA}"
EndProject
Project("{FAE04EC0-301F-11D3-BF4B-00C04F79EFBC}") = "ITMO.CsharpConsoleApp.Lab06.Exercise03", "ITMO.CsharpConsoleApp.Lab06\ITMO.CsharpConsoleApp.Lab06.Exercise03\ITMO.CsharpConsoleApp.Lab06.Exercise03.csproj", "{36987A58-298B-4833-A9D9-5244AAE3DDC1}"
EndProject
Project("{FAE04EC0-301F-11D3-BF4B-00C04F79EFBC}") = "ITMO.CsharpConsoleApp.Lab07.Exercise01", "ITMO.CsharpConsoleApp.Lab07\ITMO.CsharpConsoleApp.Lab07.Exercise01\ITMO.CsharpConsoleApp.Lab07.Exercise01.csproj", "{EBD25A66-5C40-4EF5-877D-485264EA268F}"
EndProject
Project("{FAE04EC0-301F-11D3-BF4B-00C04F79EFBC}") = "ITMO.CsharpConsoleApp.Lab07.Exercise02", "ITMO.CsharpConsoleApp.Lab07\ITMO.CsharpConsoleApp.Lab07.Exercise02\ITMO.CsharpConsoleApp.Lab07.Exercise02.csproj", "{8E662510-A69A-4C97-B63A-57C775C8D6CD}"
EndProject
Project("{FAE04EC0-301F-11D3-BF4B-00C04F79EFBC}") = "ITMO.CsharpConsoleApp.Lab08.Exercise01", "ITMO.CsharpConsoleApp.Lab08\ITMO.CsharpConsoleApp.Lab08.Exercise01\ITMO.CsharpConsoleApp.Lab08.Exercise01.csproj", "{305F5196-6B07-4A88-8952-F5FB2446F2E7}"
EndProject
Project("{FAE04EC0-301F-11D3-BF4B-00C04F79EFBC}") = "ITMO.CsharpConsoleApp.Lab08.Exercise02", "ITMO.CsharpConsoleApp.Lab08\ITMO.CsharpConsoleApp.Lab08.Exercise02\ITMO.CsharpConsoleApp.Lab08.Exercise02.csproj", "{00AC4725-BCB1-4E8E-BDEA-F1D2E52B3390}"
EndProject
Project("{FAE04EC0-301F-11D3-BF4B-00C04F79EFBC}") = "ITMO.CsharpConsoleApp.Lab09.Exercise01", "ITMO.CsharpConsoleApp.Lab09\ITMO.CsharpConsoleApp.Lab09.Exercise01\ITMO.CsharpConsoleApp.Lab09.Exercise01.csproj", "{95B4463D-4E08-4841-A7CB-BE24B4F89E17}"
EndProject
Project("{FAE04EC0-301F-11D3-BF4B-00C04F79EFBC}") = "ITMO.CsharpConsoleApp.Lab10.Exercise01", "ITMO.CsharpConsoleApp.Lab10\ITMO.CsharpConsoleApp.Lab10.Exercise01\ITMO.CsharpConsoleApp.Lab10.Exercise01.csproj", "{53E0B48A-B542-4951-ACE3-2B80E98F75B0}"
EndProject
Project("{FAE04EC0-301F-11D3-BF4B-00C04F79EFBC}") = "ITMO.CsharpConsoleApp.Lab10.Exercise02", "ITMO.CsharpConsoleApp.Lab10\ITMO.CsharpConsoleApp.Lab10.Exercise02\ITMO.CsharpConsoleApp.Lab10.Exercise02.csproj", "{1D6DD738-3A1C-462F-8E23-43772DB56B6E}"
EndProject
Project("{FAE04EC0-301F-11D3-BF4B-00C04F79EFBC}") = "ITMO.CsharpConsoleApp.Lab12.Exercise01.Bank", "ITMO.CsharpConsoleApp.Lab12\ITMO.CsharpConsoleApp.Lab12.Exercise01.Bank\ITMO.CsharpConsoleApp.Lab12.Exercise01.Bank.csproj", "{3289A38D-D296-4CFF-AD5D-6B0580252D16}"
EndProject
Project("{FAE04EC0-301F-11D3-BF4B-00C04F79EFBC}") = "ITMO.CsharpConsoleApp.Lab12.Exercise01.CreateAccount", "ITMO.CsharpConsoleApp.Lab12\ITMO.CsharpConsoleApp.Lab12.Exercise01.CreateAccount\ITMO.CsharpConsoleApp.Lab12.Exercise01.CreateAccount.csproj", "{D802C5A8-A900-408F-8EEE-E30183F695E3}"
EndProject
Project("{FAE04EC0-301F-11D3-BF4B-00C04F79EFBC}") = "ITMO.CsharpConsoleApp.Lab12.Exercise02.Bank", "ITMO.CsharpConsoleApp.Lab12\ITMO.CsharpConsoleApp.Lab12.Exercise02.Bank\ITMO.CsharpConsoleApp.Lab12.Exercise02.Bank.csproj", "{82205B05-678D-4EAD-8EB1-CC8AC191BE2A}"
EndProject
Project("{FAE04EC0-301F-11D3-BF4B-00C04F79EFBC}") = "ITMO.CsharpConsoleApp.Lab12.Exercise02.CreateAccount", "ITMO.CsharpConsoleApp.Lab12\ITMO.CsharpConsoleApp.Lab12.Exercise02.CreateAccount\ITMO.CsharpConsoleApp.Lab12.Exercise02.CreateAccount.csproj", "{D80DF18F-86F2-4170-826B-617835311347}"
EndProject
Global
	GlobalSection(SolutionConfigurationPlatforms) = preSolution
		Debug|Any CPU = Debug|Any CPU
		Release|Any CPU = Release|Any CPU
	EndGlobalSection
	GlobalSection(ProjectConfigurationPlatforms) = postSolution
		{3498B8B4-4045-48B3-9F6E-D5291B45A44A}.Debug|Any CPU.ActiveCfg = Debug|Any CPU
		{3498B8B4-4045-48B3-9F6E-D5291B45A44A}.Debug|Any CPU.Build.0 = Debug|Any CPU
		{3498B8B4-4045-48B3-9F6E-D5291B45A44A}.Release|Any CPU.ActiveCfg = Release|Any CPU
		{3498B8B4-4045-48B3-9F6E-D5291B45A44A}.Release|Any CPU.Build.0 = Release|Any CPU
		{81C83CF6-689B-42CB-BB86-8D602E589EDC}.Debug|Any CPU.ActiveCfg = Debug|Any CPU
		{81C83CF6-689B-42CB-BB86-8D602E589EDC}.Debug|Any CPU.Build.0 = Debug|Any CPU
		{81C83CF6-689B-42CB-BB86-8D602E589EDC}.Release|Any CPU.ActiveCfg = Release|Any CPU
		{81C83CF6-689B-42CB-BB86-8D602E589EDC}.Release|Any CPU.Build.0 = Release|Any CPU
		{520995CC-7B8D-4FE5-9ED8-817565EA6BEB}.Debug|Any CPU.ActiveCfg = Debug|Any CPU
		{520995CC-7B8D-4FE5-9ED8-817565EA6BEB}.Debug|Any CPU.Build.0 = Debug|Any CPU
		{520995CC-7B8D-4FE5-9ED8-817565EA6BEB}.Release|Any CPU.ActiveCfg = Release|Any CPU
		{520995CC-7B8D-4FE5-9ED8-817565EA6BEB}.Release|Any CPU.Build.0 = Release|Any CPU
		{5F471A08-AC9A-496C-AB54-CBB91303F587}.Debug|Any CPU.ActiveCfg = Debug|Any CPU
		{5F471A08-AC9A-496C-AB54-CBB91303F587}.Debug|Any CPU.Build.0 = Debug|Any CPU
		{5F471A08-AC9A-496C-AB54-CBB91303F587}.Release|Any CPU.ActiveCfg = Release|Any CPU
		{5F471A08-AC9A-496C-AB54-CBB91303F587}.Release|Any CPU.Build.0 = Release|Any CPU
		{FF501693-2FC5-4144-A262-2B775046E11D}.Debug|Any CPU.ActiveCfg = Debug|Any CPU
		{FF501693-2FC5-4144-A262-2B775046E11D}.Debug|Any CPU.Build.0 = Debug|Any CPU
		{FF501693-2FC5-4144-A262-2B775046E11D}.Release|Any CPU.ActiveCfg = Release|Any CPU
		{FF501693-2FC5-4144-A262-2B775046E11D}.Release|Any CPU.Build.0 = Release|Any CPU
		{4C45763E-1C9F-4F41-B42D-F5CC0C0F4F86}.Debug|Any CPU.ActiveCfg = Debug|Any CPU
		{4C45763E-1C9F-4F41-B42D-F5CC0C0F4F86}.Debug|Any CPU.Build.0 = Debug|Any CPU
		{4C45763E-1C9F-4F41-B42D-F5CC0C0F4F86}.Release|Any CPU.ActiveCfg = Release|Any CPU
		{4C45763E-1C9F-4F41-B42D-F5CC0C0F4F86}.Release|Any CPU.Build.0 = Release|Any CPU
		{AD41B595-9A9D-44C2-B7BE-BF5BDDFA48DB}.Debug|Any CPU.ActiveCfg = Debug|Any CPU
		{AD41B595-9A9D-44C2-B7BE-BF5BDDFA48DB}.Debug|Any CPU.Build.0 = Debug|Any CPU
		{AD41B595-9A9D-44C2-B7BE-BF5BDDFA48DB}.Release|Any CPU.ActiveCfg = Release|Any CPU
		{AD41B595-9A9D-44C2-B7BE-BF5BDDFA48DB}.Release|Any CPU.Build.0 = Release|Any CPU
		{4F7F871E-B446-498E-A2FD-60FC0E513E97}.Debug|Any CPU.ActiveCfg = Debug|Any CPU
		{4F7F871E-B446-498E-A2FD-60FC0E513E97}.Debug|Any CPU.Build.0 = Debug|Any CPU
		{4F7F871E-B446-498E-A2FD-60FC0E513E97}.Release|Any CPU.ActiveCfg = Release|Any CPU
		{4F7F871E-B446-498E-A2FD-60FC0E513E97}.Release|Any CPU.Build.0 = Release|Any CPU
		{42CAE984-5CB9-4B47-9086-22545C5553E4}.Debug|Any CPU.ActiveCfg = Debug|Any CPU
		{42CAE984-5CB9-4B47-9086-22545C5553E4}.Debug|Any CPU.Build.0 = Debug|Any CPU
		{42CAE984-5CB9-4B47-9086-22545C5553E4}.Release|Any CPU.ActiveCfg = Release|Any CPU
		{42CAE984-5CB9-4B47-9086-22545C5553E4}.Release|Any CPU.Build.0 = Release|Any CPU
		{DBCD996E-2B1E-48E1-AC87-C36763D36F29}.Debug|Any CPU.ActiveCfg = Debug|Any CPU
		{DBCD996E-2B1E-48E1-AC87-C36763D36F29}.Debug|Any CPU.Build.0 = Debug|Any CPU
		{DBCD996E-2B1E-48E1-AC87-C36763D36F29}.Release|Any CPU.ActiveCfg = Release|Any CPU
		{DBCD996E-2B1E-48E1-AC87-C36763D36F29}.Release|Any CPU.Build.0 = Release|Any CPU
		{5B60A309-2B9A-46AC-9532-7567FCE689C9}.Debug|Any CPU.ActiveCfg = Debug|Any CPU
		{5B60A309-2B9A-46AC-9532-7567FCE689C9}.Debug|Any CPU.Build.0 = Debug|Any CPU
		{5B60A309-2B9A-46AC-9532-7567FCE689C9}.Release|Any CPU.ActiveCfg = Release|Any CPU
		{5B60A309-2B9A-46AC-9532-7567FCE689C9}.Release|Any CPU.Build.0 = Release|Any CPU
		{CB93F560-A454-4FAE-B51E-E9E1EFB5182D}.Debug|Any CPU.ActiveCfg = Debug|Any CPU
		{CB93F560-A454-4FAE-B51E-E9E1EFB5182D}.Debug|Any CPU.Build.0 = Debug|Any CPU
		{CB93F560-A454-4FAE-B51E-E9E1EFB5182D}.Release|Any CPU.ActiveCfg = Release|Any CPU
		{CB93F560-A454-4FAE-B51E-E9E1EFB5182D}.Release|Any CPU.Build.0 = Release|Any CPU
		{4C0DA1C8-7BFC-4A79-9FAB-702C8520F3FA}.Debug|Any CPU.ActiveCfg = Debug|Any CPU
		{4C0DA1C8-7BFC-4A79-9FAB-702C8520F3FA}.Debug|Any CPU.Build.0 = Debug|Any CPU
		{4C0DA1C8-7BFC-4A79-9FAB-702C8520F3FA}.Release|Any CPU.ActiveCfg = Release|Any CPU
		{4C0DA1C8-7BFC-4A79-9FAB-702C8520F3FA}.Release|Any CPU.Build.0 = Release|Any CPU
		{36987A58-298B-4833-A9D9-5244AAE3DDC1}.Debug|Any CPU.ActiveCfg = Debug|Any CPU
		{36987A58-298B-4833-A9D9-5244AAE3DDC1}.Debug|Any CPU.Build.0 = Debug|Any CPU
		{36987A58-298B-4833-A9D9-5244AAE3DDC1}.Release|Any CPU.ActiveCfg = Release|Any CPU
		{36987A58-298B-4833-A9D9-5244AAE3DDC1}.Release|Any CPU.Build.0 = Release|Any CPU
		{EBD25A66-5C40-4EF5-877D-485264EA268F}.Debug|Any CPU.ActiveCfg = Debug|Any CPU
		{EBD25A66-5C40-4EF5-877D-485264EA268F}.Debug|Any CPU.Build.0 = Debug|Any CPU
		{EBD25A66-5C40-4EF5-877D-485264EA268F}.Release|Any CPU.ActiveCfg = Release|Any CPU
		{EBD25A66-5C40-4EF5-877D-485264EA268F}.Release|Any CPU.Build.0 = Release|Any CPU
		{8E662510-A69A-4C97-B63A-57C775C8D6CD}.Debug|Any CPU.ActiveCfg = Debug|Any CPU
		{8E662510-A69A-4C97-B63A-57C775C8D6CD}.Debug|Any CPU.Build.0 = Debug|Any CPU
		{8E662510-A69A-4C97-B63A-57C775C8D6CD}.Release|Any CPU.ActiveCfg = Release|Any CPU
		{8E662510-A69A-4C97-B63A-57C775C8D6CD}.Release|Any CPU.Build.0 = Release|Any CPU
		{305F5196-6B07-4A88-8952-F5FB2446F2E7}.Debug|Any CPU.ActiveCfg = Debug|Any CPU
		{305F5196-6B07-4A88-8952-F5FB2446F2E7}.Debug|Any CPU.Build.0 = Debug|Any CPU
		{305F5196-6B07-4A88-8952-F5FB2446F2E7}.Release|Any CPU.ActiveCfg = Release|Any CPU
		{305F5196-6B07-4A88-8952-F5FB2446F2E7}.Release|Any CPU.Build.0 = Release|Any CPU
		{00AC4725-BCB1-4E8E-BDEA-F1D2E52B3390}.Debug|Any CPU.ActiveCfg = Debug|Any CPU
		{00AC4725-BCB1-4E8E-BDEA-F1D2E52B3390}.Debug|Any CPU.Build.0 = Debug|Any CPU
		{00AC4725-BCB1-4E8E-BDEA-F1D2E52B3390}.Release|Any CPU.ActiveCfg = Release|Any CPU
		{00AC4725-BCB1-4E8E-BDEA-F1D2E52B3390}.Release|Any CPU.Build.0 = Release|Any CPU
		{95B4463D-4E08-4841-A7CB-BE24B4F89E17}.Debug|Any CPU.ActiveCfg = Debug|Any CPU
		{95B4463D-4E08-4841-A7CB-BE24B4F89E17}.Debug|Any CPU.Build.0 = Debug|Any CPU
		{95B4463D-4E08-4841-A7CB-BE24B4F89E17}.Release|Any CPU.ActiveCfg = Release|Any CPU
		{95B4463D-4E08-4841-A7CB-BE24B4F89E17}.Release|Any CPU.Build.0 = Release|Any CPU
		{53E0B48A-B542-4951-ACE3-2B80E98F75B0}.Debug|Any CPU.ActiveCfg = Debug|Any CPU
		{53E0B48A-B542-4951-ACE3-2B80E98F75B0}.Debug|Any CPU.Build.0 = Debug|Any CPU
		{53E0B48A-B542-4951-ACE3-2B80E98F75B0}.Release|Any CPU.ActiveCfg = Release|Any CPU
		{53E0B48A-B542-4951-ACE3-2B80E98F75B0}.Release|Any CPU.Build.0 = Release|Any CPU
		{1D6DD738-3A1C-462F-8E23-43772DB56B6E}.Debug|Any CPU.ActiveCfg = Debug|Any CPU
		{1D6DD738-3A1C-462F-8E23-43772DB56B6E}.Debug|Any CPU.Build.0 = Debug|Any CPU
		{1D6DD738-3A1C-462F-8E23-43772DB56B6E}.Release|Any CPU.ActiveCfg = Release|Any CPU
		{1D6DD738-3A1C-462F-8E23-43772DB56B6E}.Release|Any CPU.Build.0 = Release|Any CPU
		{3289A38D-D296-4CFF-AD5D-6B0580252D16}.Debug|Any CPU.ActiveCfg = Debug|Any CPU
		{3289A38D-D296-4CFF-AD5D-6B0580252D16}.Debug|Any CPU.Build.0 = Debug|Any CPU
		{3289A38D-D296-4CFF-AD5D-6B0580252D16}.Release|Any CPU.ActiveCfg = Release|Any CPU
		{3289A38D-D296-4CFF-AD5D-6B0580252D16}.Release|Any CPU.Build.0 = Release|Any CPU
		{D802C5A8-A900-408F-8EEE-E30183F695E3}.Debug|Any CPU.ActiveCfg = Debug|Any CPU
		{D802C5A8-A900-408F-8EEE-E30183F695E3}.Debug|Any CPU.Build.0 = Debug|Any CPU
		{D802C5A8-A900-408F-8EEE-E30183F695E3}.Release|Any CPU.ActiveCfg = Release|Any CPU
		{D802C5A8-A900-408F-8EEE-E30183F695E3}.Release|Any CPU.Build.0 = Release|Any CPU
		{82205B05-678D-4EAD-8EB1-CC8AC191BE2A}.Debug|Any CPU.ActiveCfg = Debug|Any CPU
		{82205B05-678D-4EAD-8EB1-CC8AC191BE2A}.Debug|Any CPU.Build.0 = Debug|Any CPU
		{82205B05-678D-4EAD-8EB1-CC8AC191BE2A}.Release|Any CPU.ActiveCfg = Release|Any CPU
		{82205B05-678D-4EAD-8EB1-CC8AC191BE2A}.Release|Any CPU.Build.0 = Release|Any CPU
		{D80DF18F-86F2-4170-826B-617835311347}.Debug|Any CPU.ActiveCfg = Debug|Any CPU
		{D80DF18F-86F2-4170-826B-617835311347}.Debug|Any CPU.Build.0 = Debug|Any CPU
		{D80DF18F-86F2-4170-826B-617835311347}.Release|Any CPU.ActiveCfg = Release|Any CPU
		{D80DF18F-86F2-4170-826B-617835311347}.Release|Any CPU.Build.0 = Release|Any CPU
	EndGlobalSection
	GlobalSection(SolutionProperties) = preSolution
		HideSolutionNode = FALSE
	EndGlobalSection
	GlobalSection(NestedProjects) = preSolution
		{3498B8B4-4045-48B3-9F6E-D5291B45A44A} = {6ECC5716-02AD-44B1-8C4F-C1F86B50B197}
		{81C83CF6-689B-42CB-BB86-8D602E589EDC} = {6ECC5716-02AD-44B1-8C4F-C1F86B50B197}
		{520995CC-7B8D-4FE5-9ED8-817565EA6BEB} = {3ED5916E-2ADC-4B65-A095-3FDEF129D104}
		{5F471A08-AC9A-496C-AB54-CBB91303F587} = {3ED5916E-2ADC-4B65-A095-3FDEF129D104}
		{FF501693-2FC5-4144-A262-2B775046E11D} = {3ED5916E-2ADC-4B65-A095-3FDEF129D104}
		{4C45763E-1C9F-4F41-B42D-F5CC0C0F4F86} = {6D07705A-E9F0-487E-B056-A6988947B1CB}
		{AD41B595-9A9D-44C2-B7BE-BF5BDDFA48DB} = {6D07705A-E9F0-487E-B056-A6988947B1CB}
		{4F7F871E-B446-498E-A2FD-60FC0E513E97} = {DB0F7282-5F73-4C99-853D-B7C0C7F2A352}
		{42CAE984-5CB9-4B47-9086-22545C5553E4} = {DB0F7282-5F73-4C99-853D-B7C0C7F2A352}
		{DBCD996E-2B1E-48E1-AC87-C36763D36F29} = {DB0F7282-5F73-4C99-853D-B7C0C7F2A352}
		{5B60A309-2B9A-46AC-9532-7567FCE689C9} = {0F231D81-2F30-406D-90CA-8A0C43CC0B02}
		{CB93F560-A454-4FAE-B51E-E9E1EFB5182D} = {387BEB71-9078-493E-940D-6982E44DE8C9}
		{4C0DA1C8-7BFC-4A79-9FAB-702C8520F3FA} = {387BEB71-9078-493E-940D-6982E44DE8C9}
		{36987A58-298B-4833-A9D9-5244AAE3DDC1} = {387BEB71-9078-493E-940D-6982E44DE8C9}
		{EBD25A66-5C40-4EF5-877D-485264EA268F} = {331E655F-BE08-40EE-804E-11B9737A0040}
		{8E662510-A69A-4C97-B63A-57C775C8D6CD} = {331E655F-BE08-40EE-804E-11B9737A0040}
		{305F5196-6B07-4A88-8952-F5FB2446F2E7} = {ED0E2CA5-6CE4-4A52-A7B8-92A9E871A135}
		{00AC4725-BCB1-4E8E-BDEA-F1D2E52B3390} = {ED0E2CA5-6CE4-4A52-A7B8-92A9E871A135}
		{95B4463D-4E08-4841-A7CB-BE24B4F89E17} = {2AF63853-1FB6-48CD-90C6-97F05B317A58}
		{53E0B48A-B542-4951-ACE3-2B80E98F75B0} = {13D487E4-41AE-4CED-BA14-9D8E2D93427A}
		{1D6DD738-3A1C-462F-8E23-43772DB56B6E} = {13D487E4-41AE-4CED-BA14-9D8E2D93427A}
		{3289A38D-D296-4CFF-AD5D-6B0580252D16} = {824C68D0-BB56-4FD4-8B59-4D39D6313915}
		{D802C5A8-A900-408F-8EEE-E30183F695E3} = {824C68D0-BB56-4FD4-8B59-4D39D6313915}
		{82205B05-678D-4EAD-8EB1-CC8AC191BE2A} = {824C68D0-BB56-4FD4-8B59-4D39D6313915}
		{D80DF18F-86F2-4170-826B-617835311347} = {824C68D0-BB56-4FD4-8B59-4D39D6313915}
	EndGlobalSection
	GlobalSection(ExtensibilityGlobals) = postSolution
		SolutionGuid = {E5942946-DC51-4E81-98F6-A21B1A4A99C9}
	EndGlobalSection
EndGlobal
