
Microsoft Visual Studio Solution File, Format Version 12.00
# Visual Studio Version 17
VisualStudioVersion = 17.4.33213.308
MinimumVisualStudioVersion = 10.0.40219.1
Project("{FAE04EC0-301F-11D3-BF4B-00C04F79EFBC}") = "ITMO.ASPNET.WebForms.RSVP", "ITMO.ASPNET.WebForms.RSVP\ITMO.ASPNET.WebForms.RSVP.csproj", "{B474D564-A802-44B3-8996-D5EA023CD868}"
EndProject
Global
	GlobalSection(SolutionConfigurationPlatforms) = preSolution
		Debug|Any CPU = Debug|Any CPU
		Release|Any CPU = Release|Any CPU
	EndGlobalSection
	GlobalSection(ProjectConfigurationPlatforms) = postSolution
		{B474D564-A802-44B3-8996-D5EA023CD868}.Debug|Any CPU.ActiveCfg = Debug|Any CPU
		{B474D564-A802-44B3-8996-D5EA023CD868}.Debug|Any CPU.Build.0 = Debug|Any CPU
		{B474D564-A802-44B3-8996-D5EA023CD868}.Release|Any CPU.ActiveCfg = Release|Any CPU
		{B474D564-A802-44B3-8996-D5EA023CD868}.Release|Any CPU.Build.0 = Release|Any CPU
	EndGlobalSection
	GlobalSection(SolutionProperties) = preSolution
		HideSolutionNode = FALSE
	EndGlobalSection
	GlobalSection(ExtensibilityGlobals) = postSolution
		SolutionGuid = {ABC748B4-37ED-49D9-8589-A1A9CC98E00B}
	EndGlobalSection
EndGlobal
